// !$*UTF8*$!
{
	archiveVersion = 1;
	classes = {
	};
	objectVersion = 50;
	objects = {

/* Begin PBXBuildFile section */
		A816269320FD34F8006F09FE /* LoginScreenViewController.swift in Sources */ = {isa = PBXBuildFile; fileRef = A816269220FD34F8006F09FE /* LoginScreenViewController.swift */; };
		A8A6242A20FE7E41008B21FD /* BaseView.storyboard in Resources */ = {isa = PBXBuildFile; fileRef = A8A6242920FE7E41008B21FD /* BaseView.storyboard */; };
		A8A6242C20FE8034008B21FD /* BaseViewController.swift in Sources */ = {isa = PBXBuildFile; fileRef = A8A6242B20FE8034008B21FD /* BaseViewController.swift */; };
		A8A6242F20FE8618008B21FD /* FrRunner.xcdatamodeld in Sources */ = {isa = PBXBuildFile; fileRef = A8A6242D20FE8618008B21FD /* FrRunner.xcdatamodeld */; };
		A8F8128D20FD23A7001F8D50 /* AppDelegate.swift in Sources */ = {isa = PBXBuildFile; fileRef = A8F8128C20FD23A7001F8D50 /* AppDelegate.swift */; };
		A8F8128F20FD23A7001F8D50 /* ViewController.swift in Sources */ = {isa = PBXBuildFile; fileRef = A8F8128E20FD23A7001F8D50 /* ViewController.swift */; };
		A8F8129220FD23A7001F8D50 /* Main.storyboard in Resources */ = {isa = PBXBuildFile; fileRef = A8F8129020FD23A7001F8D50 /* Main.storyboard */; };
		A8F8129420FD23A8001F8D50 /* Assets.xcassets in Resources */ = {isa = PBXBuildFile; fileRef = A8F8129320FD23A8001F8D50 /* Assets.xcassets */; };
		A8F8129720FD23A8001F8D50 /* LaunchScreen.storyboard in Resources */ = {isa = PBXBuildFile; fileRef = A8F8129520FD23A8001F8D50 /* LaunchScreen.storyboard */; };
		A8F8129F20FD2748001F8D50 /* LoginScreen.storyboard in Resources */ = {isa = PBXBuildFile; fileRef = A8F8129E20FD2748001F8D50 /* LoginScreen.storyboard */; };
/* End PBXBuildFile section */

/* Begin PBXFileReference section */
		A816269220FD34F8006F09FE /* LoginScreenViewController.swift */ = {isa = PBXFileReference; lastKnownFileType = sourcecode.swift; path = LoginScreenViewController.swift; sourceTree = "<group>"; };
		A8A6242920FE7E41008B21FD /* BaseView.storyboard */ = {isa = PBXFileReference; lastKnownFileType = file.storyboard; path = BaseView.storyboard; sourceTree = "<group>"; };
		A8A6242B20FE8034008B21FD /* BaseViewController.swift */ = {isa = PBXFileReference; lastKnownFileType = sourcecode.swift; path = BaseViewController.swift; sourceTree = "<group>"; };
		A8A6242E20FE8618008B21FD /* DataModel.xcdatamodel */ = {isa = PBXFileReference; lastKnownFileType = wrapper.xcdatamodel; path = DataModel.xcdatamodel; sourceTree = "<group>"; };
		A8F8128920FD23A7001F8D50 /* FrRunner.app */ = {isa = PBXFileReference; explicitFileType = wrapper.application; includeInIndex = 0; path = FrRunner.app; sourceTree = BUILT_PRODUCTS_DIR; };
		A8F8128C20FD23A7001F8D50 /* AppDelegate.swift */ = {isa = PBXFileReference; lastKnownFileType = sourcecode.swift; path = AppDelegate.swift; sourceTree = "<group>"; };
		A8F8128E20FD23A7001F8D50 /* ViewController.swift */ = {isa = PBXFileReference; lastKnownFileType = sourcecode.swift; path = ViewController.swift; sourceTree = "<group>"; };
		A8F8129120FD23A7001F8D50 /* Base */ = {isa = PBXFileReference; lastKnownFileType = file.storyboard; name = Base; path = Base.lproj/Main.storyboard; sourceTree = "<group>"; };
		A8F8129320FD23A8001F8D50 /* Assets.xcassets */ = {isa = PBXFileReference; lastKnownFileType = folder.assetcatalog; path = Assets.xcassets; sourceTree = "<group>"; };
		A8F8129620FD23A8001F8D50 /* Base */ = {isa = PBXFileReference; lastKnownFileType = file.storyboard; name = Base; path = Base.lproj/LaunchScreen.storyboard; sourceTree = "<group>"; };
		A8F8129820FD23A8001F8D50 /* Info.plist */ = {isa = PBXFileReference; lastKnownFileType = text.plist.xml; path = Info.plist; sourceTree = "<group>"; };
		A8F8129E20FD2748001F8D50 /* LoginScreen.storyboard */ = {isa = PBXFileReference; lastKnownFileType = file.storyboard; path = LoginScreen.storyboard; sourceTree = "<group>"; };
/* End PBXFileReference section */

/* Begin PBXFrameworksBuildPhase section */
		A8F8128620FD23A7001F8D50 /* Frameworks */ = {
			isa = PBXFrameworksBuildPhase;
			buildActionMask = 2147483647;
			files = (
			);
			runOnlyForDeploymentPostprocessing = 0;
		};
/* End PBXFrameworksBuildPhase section */

/* Begin PBXGroup section */
		A8A6242820FE7E24008B21FD /* Base */ = {
			isa = PBXGroup;
			children = (
				A8A6242920FE7E41008B21FD /* BaseView.storyboard */,
				A8A6242B20FE8034008B21FD /* BaseViewController.swift */,
			);
			path = Base;
			sourceTree = "<group>";
		};
		A8F8128020FD23A7001F8D50 = {
			isa = PBXGroup;
			children = (
				A8A6242D20FE8618008B21FD /* FrRunner.xcdatamodeld */,
				A8F8128B20FD23A7001F8D50 /* FrRunner */,
				A8F8128A20FD23A7001F8D50 /* Products */,
			);
			sourceTree = "<group>";
		};
		A8F8128A20FD23A7001F8D50 /* Products */ = {
			isa = PBXGroup;
			children = (
				A8F8128920FD23A7001F8D50 /* FrRunner.app */,
			);
			name = Products;
			sourceTree = "<group>";
		};
		A8F8128B20FD23A7001F8D50 /* FrRunner */ = {
			isa = PBXGroup;
			children = (
				A8F812A220FD2844001F8D50 /* Functionalities */,
				A8F812A120FD2826001F8D50 /* New Group */,
				A8F812A020FD280C001F8D50 /* Main */,
				A8F8128C20FD23A7001F8D50 /* AppDelegate.swift */,
				A8F8129320FD23A8001F8D50 /* Assets.xcassets */,
				A8F8129820FD23A8001F8D50 /* Info.plist */,
			);
			path = FrRunner;
			sourceTree = "<group>";
		};
		A8F812A020FD280C001F8D50 /* Main */ = {
			isa = PBXGroup;
			children = (
				A8F8129520FD23A8001F8D50 /* LaunchScreen.storyboard */,
				A8F8129020FD23A7001F8D50 /* Main.storyboard */,
				A8F8128E20FD23A7001F8D50 /* ViewController.swift */,
			);
			path = Main;
			sourceTree = "<group>";
		};
		A8F812A120FD2826001F8D50 /* New Group */ = {
			isa = PBXGroup;
			children = (
			);
			path = "New Group";
			sourceTree = "<group>";
		};
		A8F812A220FD2844001F8D50 /* Functionalities */ = {
			isa = PBXGroup;
			children = (
				A8A6242820FE7E24008B21FD /* Base */,
				A8F812A320FD2851001F8D50 /* Login */,
			);
			path = Functionalities;
			sourceTree = "<group>";
		};
		A8F812A320FD2851001F8D50 /* Login */ = {
			isa = PBXGroup;
			children = (
				A8F8129E20FD2748001F8D50 /* LoginScreen.storyboard */,
				A816269220FD34F8006F09FE /* LoginScreenViewController.swift */,
			);
			path = Login;
			sourceTree = "<group>";
		};
/* End PBXGroup section */

/* Begin PBXNativeTarget section */
		A8F8128820FD23A7001F8D50 /* FrRunner */ = {
			isa = PBXNativeTarget;
			buildConfigurationList = A8F8129B20FD23A8001F8D50 /* Build configuration list for PBXNativeTarget "FrRunner" */;
			buildPhases = (
				A8F8128520FD23A7001F8D50 /* Sources */,
				A8F8128620FD23A7001F8D50 /* Frameworks */,
				A8F8128720FD23A7001F8D50 /* Resources */,
			);
			buildRules = (
			);
			dependencies = (
			);
			name = FrRunner;
			productName = FrRunner;
			productReference = A8F8128920FD23A7001F8D50 /* FrRunner.app */;
			productType = "com.apple.product-type.application";
		};
/* End PBXNativeTarget section */

/* Begin PBXProject section */
		A8F8128120FD23A7001F8D50 /* Project object */ = {
			isa = PBXProject;
			attributes = {
				LastSwiftUpdateCheck = 0940;
				LastUpgradeCheck = 0940;
				ORGANIZATIONNAME = "Jakub Kołodziej";
				TargetAttributes = {
					A8F8128820FD23A7001F8D50 = {
						CreatedOnToolsVersion = 9.4.1;
					};
				};
			};
			buildConfigurationList = A8F8128420FD23A7001F8D50 /* Build configuration list for PBXProject "FrRunner" */;
			compatibilityVersion = "Xcode 9.3";
			developmentRegion = en;
			hasScannedForEncodings = 0;
			knownRegions = (
				en,
				Base,
			);
			mainGroup = A8F8128020FD23A7001F8D50;
			productRefGroup = A8F8128A20FD23A7001F8D50 /* Products */;
			projectDirPath = "";
			projectRoot = "";
			targets = (
				A8F8128820FD23A7001F8D50 /* FrRunner */,
			);
		};
/* End PBXProject section */

/* Begin PBXResourcesBuildPhase section */
		A8F8128720FD23A7001F8D50 /* Resources */ = {
			isa = PBXResourcesBuildPhase;
			buildActionMask = 2147483647;
			files = (
				A8F8129720FD23A8001F8D50 /* LaunchScreen.storyboard in Resources */,
				A8F8129420FD23A8001F8D50 /* Assets.xcassets in Resources */,
				A8F8129220FD23A7001F8D50 /* Main.storyboard in Resources */,
				A8A6242A20FE7E41008B21FD /* BaseView.storyboard in Resources */,
				A8F8129F20FD2748001F8D50 /* LoginScreen.storyboard in Resources */,
			);
			runOnlyForDeploymentPostprocessing = 0;
		};
/* End PBXResourcesBuildPhase section */

/* Begin PBXSourcesBuildPhase section */
		A8F8128520FD23A7001F8D50 /* Sources */ = {
			isa = PBXSourcesBuildPhase;
			buildActionMask = 2147483647;
			files = (
				A8F8128F20FD23A7001F8D50 /* ViewController.swift in Sources */,
				A8A6242F20FE8618008B21FD /* FrRunner.xcdatamodeld in Sources */,
				A8A6242C20FE8034008B21FD /* BaseViewController.swift in Sources */,
				A8F8128D20FD23A7001F8D50 /* AppDelegate.swift in Sources */,
				A816269320FD34F8006F09FE /* LoginScreenViewController.swift in Sources */,
			);
			runOnlyForDeploymentPostprocessing = 0;
		};
/* End PBXSourcesBuildPhase section */

/* Begin PBXVariantGroup section */
		A8F8129020FD23A7001F8D50 /* Main.storyboard */ = {
			isa = PBXVariantGroup;
			children = (
				A8F8129120FD23A7001F8D50 /* Base */,
			);
			name = Main.storyboard;
			sourceTree = "<group>";
		};
		A8F8129520FD23A8001F8D50 /* LaunchScreen.storyboard */ = {
			isa = PBXVariantGroup;
			children = (
				A8F8129620FD23A8001F8D50 /* Base */,
			);
			name = LaunchScreen.storyboard;
			sourceTree = "<group>";
		};
/* End PBXVariantGroup section */

/* Begin XCBuildConfiguration section */
		A8F8129920FD23A8001F8D50 /* Debug */ = {
			isa = XCBuildConfiguration;
			buildSettings = {
				ALWAYS_SEARCH_USER_PATHS = NO;
				CLANG_ANALYZER_NONNULL = YES;
				CLANG_ANALYZER_NUMBER_OBJECT_CONVERSION = YES_AGGRESSIVE;
				CLANG_CXX_LANGUAGE_STANDARD = "gnu++14";
				CLANG_CXX_LIBRARY = "libc++";
				CLANG_ENABLE_MODULES = YES;
				CLANG_ENABLE_OBJC_ARC = YES;
				CLANG_ENABLE_OBJC_WEAK = YES;
				CLANG_WARN_BLOCK_CAPTURE_AUTORELEASING = YES;
				CLANG_WARN_BOOL_CONVERSION = YES;
				CLANG_WARN_COMMA = YES;
				CLANG_WARN_CONSTANT_CONVERSION = YES;
				CLANG_WARN_DEPRECATED_OBJC_IMPLEMENTATIONS = YES;
				CLANG_WARN_DIRECT_OBJC_ISA_USAGE = YES_ERROR;
				CLANG_WARN_DOCUMENTATION_COMMENTS = YES;
				CLANG_WARN_EMPTY_BODY = YES;
				CLANG_WARN_ENUM_CONVERSION = YES;
				CLANG_WARN_INFINITE_RECURSION = YES;
				CLANG_WARN_INT_CONVERSION = YES;
				CLANG_WARN_NON_LITERAL_NULL_CONVERSION = YES;
				CLANG_WARN_OBJC_IMPLICIT_RETAIN_SELF = YES;
				CLANG_WARN_OBJC_LITERAL_CONVERSION = YES;
				CLANG_WARN_OBJC_ROOT_CLASS = YES_ERROR;
				CLANG_WARN_RANGE_LOOP_ANALYSIS = YES;
				CLANG_WARN_STRICT_PROTOTYPES = YES;
				CLANG_WARN_SUSPICIOUS_MOVE = YES;
				CLANG_WARN_UNGUARDED_AVAILABILITY = YES_AGGRESSIVE;
				CLANG_WARN_UNREACHABLE_CODE = YES;
				CLANG_WARN__DUPLICATE_METHOD_MATCH = YES;
				CODE_SIGN_IDENTITY = "iPhone Developer";
				COPY_PHASE_STRIP = NO;
				DEBUG_INFORMATION_FORMAT = dwarf;
				ENABLE_STRICT_OBJC_MSGSEND = YES;
				ENABLE_TESTABILITY = YES;
				GCC_C_LANGUAGE_STANDARD = gnu11;
				GCC_DYNAMIC_NO_PIC = NO;
				GCC_NO_COMMON_BLOCKS = YES;
				GCC_OPTIMIZATION_LEVEL = 0;
				GCC_PREPROCESSOR_DEFINITIONS = (
					"DEBUG=1",
					"$(inherited)",
				);
				GCC_WARN_64_TO_32_BIT_CONVERSION = YES;
				GCC_WARN_ABOUT_RETURN_TYPE = YES_ERROR;
				GCC_WARN_UNDECLARED_SELECTOR = YES;
				GCC_WARN_UNINITIALIZED_AUTOS = YES_AGGRESSIVE;
				GCC_WARN_UNUSED_FUNCTION = YES;
				GCC_WARN_UNUSED_VARIABLE = YES;
				IPHONEOS_DEPLOYMENT_TARGET = 11.4;
				MTL_ENABLE_DEBUG_INFO = YES;
				ONLY_ACTIVE_ARCH = YES;
				SDKROOT = iphoneos;
				SWIFT_ACTIVE_COMPILATION_CONDITIONS = DEBUG;
				SWIFT_OPTIMIZATION_LEVEL = "-Onone";
			};
			name = Debug;
		};
		A8F8129A20FD23A8001F8D50 /* Release */ = {
			isa = XCBuildConfiguration;
			buildSettings = {
				ALWAYS_SEARCH_USER_PATHS = NO;
				CLANG_ANALYZER_NONNULL = YES;
				CLANG_ANALYZER_NUMBER_OBJECT_CONVERSION = YES_AGGRESSIVE;
				CLANG_CXX_LANGUAGE_STANDARD = "gnu++14";
				CLANG_CXX_LIBRARY = "libc++";
				CLANG_ENABLE_MODULES = YES;
				CLANG_ENABLE_OBJC_ARC = YES;
				CLANG_ENABLE_OBJC_WEAK = YES;
				CLANG_WARN_BLOCK_CAPTURE_AUTORELEASING = YES;
				CLANG_WARN_BOOL_CONVERSION = YES;
				CLANG_WARN_COMMA = YES;
				CLANG_WARN_CONSTANT_CONVERSION = YES;
				CLANG_WARN_DEPRECATED_OBJC_IMPLEMENTATIONS = YES;
				CLANG_WARN_DIRECT_OBJC_ISA_USAGE = YES_ERROR;
				CLANG_WARN_DOCUMENTATION_COMMENTS = YES;
				CLANG_WARN_EMPTY_BODY = YES;
				CLANG_WARN_ENUM_CONVERSION = YES;
				CLANG_WARN_INFINITE_RECURSION = YES;
				CLANG_WARN_INT_CONVERSION = YES;
				CLANG_WARN_NON_LITERAL_NULL_CONVERSION = YES;
				CLANG_WARN_OBJC_IMPLICIT_RETAIN_SELF = YES;
				CLANG_WARN_OBJC_LITERAL_CONVERSION = YES;
				CLANG_WARN_OBJC_ROOT_CLASS = YES_ERROR;
				CLANG_WARN_RANGE_LOOP_ANALYSIS = YES;
				CLANG_WARN_STRICT_PROTOTYPES = YES;
				CLANG_WARN_SUSPICIOUS_MOVE = YES;
				CLANG_WARN_UNGUARDED_AVAILABILITY = YES_AGGRESSIVE;
				CLANG_WARN_UNREACHABLE_CODE = YES;
				CLANG_WARN__DUPLICATE_METHOD_MATCH = YES;
				CODE_SIGN_IDENTITY = "iPhone Developer";
				COPY_PHASE_STRIP = NO;
				DEBUG_INFORMATION_FORMAT = "dwarf-with-dsym";
				ENABLE_NS_ASSERTIONS = NO;
				ENABLE_STRICT_OBJC_MSGSEND = YES;
				GCC_C_LANGUAGE_STANDARD = gnu11;
				GCC_NO_COMMON_BLOCKS = YES;
				GCC_WARN_64_TO_32_BIT_CONVERSION = YES;
				GCC_WARN_ABOUT_RETURN_TYPE = YES_ERROR;
				GCC_WARN_UNDECLARED_SELECTOR = YES;
				GCC_WARN_UNINITIALIZED_AUTOS = YES_AGGRESSIVE;
				GCC_WARN_UNUSED_FUNCTION = YES;
				GCC_WARN_UNUSED_VARIABLE = YES;
				IPHONEOS_DEPLOYMENT_TARGET = 11.4;
				MTL_ENABLE_DEBUG_INFO = NO;
				SDKROOT = iphoneos;
				SWIFT_COMPILATION_MODE = wholemodule;
				SWIFT_OPTIMIZATION_LEVEL = "-O";
				VALIDATE_PRODUCT = YES;
			};
			name = Release;
		};
		A8F8129C20FD23A8001F8D50 /* Debug */ = {
			isa = XCBuildConfiguration;
			buildSettings = {
				ASSETCATALOG_COMPILER_APPICON_NAME = AppIcon;
				CODE_SIGN_STYLE = Automatic;
				INFOPLIST_FILE = FrRunner/Info.plist;
				LD_RUNPATH_SEARCH_PATHS = (
					"$(inherited)",
					"@executable_path/Frameworks",
				);
				PRODUCT_BUNDLE_IDENTIFIER = JFK.FrRunner;
				PRODUCT_NAME = "$(TARGET_NAME)";
				SWIFT_VERSION = 4.0;
				TARGETED_DEVICE_FAMILY = "1,2";
			};
			name = Debug;
		};
		A8F8129D20FD23A8001F8D50 /* Release */ = {
			isa = XCBuildConfiguration;
			buildSettings = {
				ASSETCATALOG_COMPILER_APPICON_NAME = AppIcon;
				CODE_SIGN_STYLE = Automatic;
				INFOPLIST_FILE = FrRunner/Info.plist;
				LD_RUNPATH_SEARCH_PATHS = (
					"$(inherited)",
					"@executable_path/Frameworks",
				);
				PRODUCT_BUNDLE_IDENTIFIER = JFK.FrRunner;
				PRODUCT_NAME = "$(TARGET_NAME)";
				SWIFT_VERSION = 4.0;
				TARGETED_DEVICE_FAMILY = "1,2";
			};
			name = Release;
		};
/* End XCBuildConfiguration section */

/* Begin XCConfigurationList section */
		A8F8128420FD23A7001F8D50 /* Build configuration list for PBXProject "FrRunner" */ = {
			isa = XCConfigurationList;
			buildConfigurations = (
				A8F8129920FD23A8001F8D50 /* Debug */,
				A8F8129A20FD23A8001F8D50 /* Release */,
			);
			defaultConfigurationIsVisible = 0;
			defaultConfigurationName = Release;
		};
		A8F8129B20FD23A8001F8D50 /* Build configuration list for PBXNativeTarget "FrRunner" */ = {
			isa = XCConfigurationList;
			buildConfigurations = (
				A8F8129C20FD23A8001F8D50 /* Debug */,
				A8F8129D20FD23A8001F8D50 /* Release */,
			);
			defaultConfigurationIsVisible = 0;
			defaultConfigurationName = Release;
		};
/* End XCConfigurationList section */

/* Begin XCVersionGroup section */
		A8A6242D20FE8618008B21FD /* FrRunner.xcdatamodeld */ = {
			isa = XCVersionGroup;
			children = (
				A8A6242E20FE8618008B21FD /* DataModel.xcdatamodel */,
			);
			currentVersion = A8A6242E20FE8618008B21FD /* DataModel.xcdatamodel */;
			path = FrRunner.xcdatamodeld;
			sourceTree = "<group>";
			versionGroupType = wrapper.xcdatamodel;
		};
/* End XCVersionGroup section */
	};
	rootObject = A8F8128120FD23A7001F8D50 /* Project object */;
}
