// !$*UTF8*$!
{
	archiveVersion = 1;
	classes = {
	};
	objectVersion = 50;
	objects = {

/* Begin PBXBuildFile section */
		A80A4F612123593F00359EB0 /* RunsHistoryViewController.swift in Sources */ = {isa = PBXBuildFile; fileRef = A80A4F602123593F00359EB0 /* RunsHistoryViewController.swift */; };
		A80A4F6421235E9800359EB0 /* RunsHistoryTableViewCell.swift in Sources */ = {isa = PBXBuildFile; fileRef = A80A4F6321235E9800359EB0 /* RunsHistoryTableViewCell.swift */; };
		A80A4F672125B50800359EB0 /* GoogleService-Info.plist in Resources */ = {isa = PBXBuildFile; fileRef = A80A4F662125B50800359EB0 /* GoogleService-Info.plist */; };
		A80A4F692125C54400359EB0 /* SignUpViewController.swift in Sources */ = {isa = PBXBuildFile; fileRef = A80A4F682125C54400359EB0 /* SignUpViewController.swift */; };
		A8156D8020FFCC24005A922D /* NewRunViewController.swift in Sources */ = {isa = PBXBuildFile; fileRef = A8156D7F20FFCC24005A922D /* NewRunViewController.swift */; };
		A8156D8220FFD463005A922D /* RunDetailsViewController.swift in Sources */ = {isa = PBXBuildFile; fileRef = A8156D8120FFD463005A922D /* RunDetailsViewController.swift */; };
		A816269320FD34F8006F09FE /* LoginScreenViewController.swift in Sources */ = {isa = PBXBuildFile; fileRef = A816269220FD34F8006F09FE /* LoginScreenViewController.swift */; };
		A816D7782117311900246F37 /* UnitConverter.swift in Sources */ = {isa = PBXBuildFile; fileRef = A816D7772117311900246F37 /* UnitConverter.swift */; };
		A816D77A2117322000246F37 /* FormatDisplay.swift in Sources */ = {isa = PBXBuildFile; fileRef = A816D7792117322000246F37 /* FormatDisplay.swift */; };
		A816D77D211732C200246F37 /* LocationManager.swift in Sources */ = {isa = PBXBuildFile; fileRef = A816D77C211732C200246F37 /* LocationManager.swift */; };
		A816D77F2121A78C00246F37 /* CoreDataStack.swift in Sources */ = {isa = PBXBuildFile; fileRef = A816D77E2121A78C00246F37 /* CoreDataStack.swift */; };
		A86EFB842110D11A006252A0 /* StoryboardSupport.swift in Sources */ = {isa = PBXBuildFile; fileRef = A86EFB832110D11A006252A0 /* StoryboardSupport.swift */; };
		A8A6242A20FE7E41008B21FD /* BaseView.storyboard in Resources */ = {isa = PBXBuildFile; fileRef = A8A6242920FE7E41008B21FD /* BaseView.storyboard */; };
		A8A6242C20FE8034008B21FD /* BaseViewController.swift in Sources */ = {isa = PBXBuildFile; fileRef = A8A6242B20FE8034008B21FD /* BaseViewController.swift */; };
		A8A6242F20FE8618008B21FD /* FrRunner.xcdatamodeld in Sources */ = {isa = PBXBuildFile; fileRef = A8A6242D20FE8618008B21FD /* FrRunner.xcdatamodeld */; };
		A8F8128D20FD23A7001F8D50 /* AppDelegate.swift in Sources */ = {isa = PBXBuildFile; fileRef = A8F8128C20FD23A7001F8D50 /* AppDelegate.swift */; };
		A8F8129420FD23A8001F8D50 /* Assets.xcassets in Resources */ = {isa = PBXBuildFile; fileRef = A8F8129320FD23A8001F8D50 /* Assets.xcassets */; };
		A8F8129720FD23A8001F8D50 /* LaunchScreen.storyboard in Resources */ = {isa = PBXBuildFile; fileRef = A8F8129520FD23A8001F8D50 /* LaunchScreen.storyboard */; };
		A8F8129F20FD2748001F8D50 /* LoginScreen.storyboard in Resources */ = {isa = PBXBuildFile; fileRef = A8F8129E20FD2748001F8D50 /* LoginScreen.storyboard */; };
		C12DFEED1BDB546C1A1CBA14 /* Pods_FrRunner.framework in Frameworks */ = {isa = PBXBuildFile; fileRef = 86E3F4ECD3E5616A16230C88 /* Pods_FrRunner.framework */; };
/* End PBXBuildFile section */

/* Begin PBXFileReference section */
		28F2D07DE3985672BED3BE74 /* Pods-FrRunner.release.xcconfig */ = {isa = PBXFileReference; includeInIndex = 1; lastKnownFileType = text.xcconfig; name = "Pods-FrRunner.release.xcconfig"; path = "Pods/Target Support Files/Pods-FrRunner/Pods-FrRunner.release.xcconfig"; sourceTree = "<group>"; };
		86E3F4ECD3E5616A16230C88 /* Pods_FrRunner.framework */ = {isa = PBXFileReference; explicitFileType = wrapper.framework; includeInIndex = 0; path = Pods_FrRunner.framework; sourceTree = BUILT_PRODUCTS_DIR; };
		A80A4F602123593F00359EB0 /* RunsHistoryViewController.swift */ = {isa = PBXFileReference; lastKnownFileType = sourcecode.swift; path = RunsHistoryViewController.swift; sourceTree = "<group>"; };
		A80A4F6321235E9800359EB0 /* RunsHistoryTableViewCell.swift */ = {isa = PBXFileReference; lastKnownFileType = sourcecode.swift; path = RunsHistoryTableViewCell.swift; sourceTree = "<group>"; };
		A80A4F662125B50800359EB0 /* GoogleService-Info.plist */ = {isa = PBXFileReference; fileEncoding = 4; lastKnownFileType = text.plist.xml; path = "GoogleService-Info.plist"; sourceTree = "<group>"; };
		A80A4F682125C54400359EB0 /* SignUpViewController.swift */ = {isa = PBXFileReference; lastKnownFileType = sourcecode.swift; path = SignUpViewController.swift; sourceTree = "<group>"; };
		A8156D7F20FFCC24005A922D /* NewRunViewController.swift */ = {isa = PBXFileReference; lastKnownFileType = sourcecode.swift; path = NewRunViewController.swift; sourceTree = "<group>"; };
		A8156D8120FFD463005A922D /* RunDetailsViewController.swift */ = {isa = PBXFileReference; lastKnownFileType = sourcecode.swift; path = RunDetailsViewController.swift; sourceTree = "<group>"; };
		A816269220FD34F8006F09FE /* LoginScreenViewController.swift */ = {isa = PBXFileReference; lastKnownFileType = sourcecode.swift; path = LoginScreenViewController.swift; sourceTree = "<group>"; };
		A816D7772117311900246F37 /* UnitConverter.swift */ = {isa = PBXFileReference; lastKnownFileType = sourcecode.swift; path = UnitConverter.swift; sourceTree = "<group>"; };
		A816D7792117322000246F37 /* FormatDisplay.swift */ = {isa = PBXFileReference; lastKnownFileType = sourcecode.swift; path = FormatDisplay.swift; sourceTree = "<group>"; };
		A816D77C211732C200246F37 /* LocationManager.swift */ = {isa = PBXFileReference; lastKnownFileType = sourcecode.swift; path = LocationManager.swift; sourceTree = "<group>"; };
		A816D77E2121A78C00246F37 /* CoreDataStack.swift */ = {isa = PBXFileReference; fileEncoding = 4; lastKnownFileType = sourcecode.swift; path = CoreDataStack.swift; sourceTree = "<group>"; };
		A86EFB832110D11A006252A0 /* StoryboardSupport.swift */ = {isa = PBXFileReference; fileEncoding = 4; lastKnownFileType = sourcecode.swift; path = StoryboardSupport.swift; sourceTree = "<group>"; };
		A8A6242920FE7E41008B21FD /* BaseView.storyboard */ = {isa = PBXFileReference; lastKnownFileType = file.storyboard; path = BaseView.storyboard; sourceTree = "<group>"; };
		A8A6242B20FE8034008B21FD /* BaseViewController.swift */ = {isa = PBXFileReference; lastKnownFileType = sourcecode.swift; path = BaseViewController.swift; sourceTree = "<group>"; };
		A8A6242E20FE8618008B21FD /* DataModel.xcdatamodel */ = {isa = PBXFileReference; lastKnownFileType = wrapper.xcdatamodel; path = DataModel.xcdatamodel; sourceTree = "<group>"; };
		A8F8128920FD23A7001F8D50 /* FrRunner.app */ = {isa = PBXFileReference; explicitFileType = wrapper.application; includeInIndex = 0; path = FrRunner.app; sourceTree = BUILT_PRODUCTS_DIR; };
		A8F8128C20FD23A7001F8D50 /* AppDelegate.swift */ = {isa = PBXFileReference; lastKnownFileType = sourcecode.swift; path = AppDelegate.swift; sourceTree = "<group>"; };
		A8F8129320FD23A8001F8D50 /* Assets.xcassets */ = {isa = PBXFileReference; lastKnownFileType = folder.assetcatalog; path = Assets.xcassets; sourceTree = "<group>"; };
		A8F8129620FD23A8001F8D50 /* Base */ = {isa = PBXFileReference; lastKnownFileType = file.storyboard; name = Base; path = Base.lproj/LaunchScreen.storyboard; sourceTree = "<group>"; };
		A8F8129820FD23A8001F8D50 /* Info.plist */ = {isa = PBXFileReference; lastKnownFileType = text.plist.xml; path = Info.plist; sourceTree = "<group>"; };
		A8F8129E20FD2748001F8D50 /* LoginScreen.storyboard */ = {isa = PBXFileReference; lastKnownFileType = file.storyboard; path = LoginScreen.storyboard; sourceTree = "<group>"; };
		E8775D7C7CE65E4AE91C86A5 /* Pods-FrRunner.debug.xcconfig */ = {isa = PBXFileReference; includeInIndex = 1; lastKnownFileType = text.xcconfig; name = "Pods-FrRunner.debug.xcconfig"; path = "Pods/Target Support Files/Pods-FrRunner/Pods-FrRunner.debug.xcconfig"; sourceTree = "<group>"; };
/* End PBXFileReference section */

/* Begin PBXFrameworksBuildPhase section */
		A8F8128620FD23A7001F8D50 /* Frameworks */ = {
			isa = PBXFrameworksBuildPhase;
			buildActionMask = 2147483647;
			files = (
				C12DFEED1BDB546C1A1CBA14 /* Pods_FrRunner.framework in Frameworks */,
			);
			runOnlyForDeploymentPostprocessing = 0;
		};
/* End PBXFrameworksBuildPhase section */

/* Begin PBXGroup section */
		3C427C4C8D6012C086028EED /* Frameworks */ = {
			isa = PBXGroup;
			children = (
				86E3F4ECD3E5616A16230C88 /* Pods_FrRunner.framework */,
			);
			name = Frameworks;
			sourceTree = "<group>";
		};
		5EA279DD6962D2115E2D578E /* Pods */ = {
			isa = PBXGroup;
			children = (
				E8775D7C7CE65E4AE91C86A5 /* Pods-FrRunner.debug.xcconfig */,
				28F2D07DE3985672BED3BE74 /* Pods-FrRunner.release.xcconfig */,
			);
			name = Pods;
			sourceTree = "<group>";
		};
		A80A4F5F2123592500359EB0 /* History */ = {
			isa = PBXGroup;
			children = (
				A80A4F6221235E7400359EB0 /* Cell */,
				A80A4F602123593F00359EB0 /* RunsHistoryViewController.swift */,
			);
			path = History;
			sourceTree = "<group>";
		};
		A80A4F6221235E7400359EB0 /* Cell */ = {
			isa = PBXGroup;
			children = (
				A80A4F6321235E9800359EB0 /* RunsHistoryTableViewCell.swift */,
			);
			path = Cell;
			sourceTree = "<group>";
		};
		A80A4F652125AB4C00359EB0 /* Events */ = {
			isa = PBXGroup;
			children = (
			);
			path = Events;
			sourceTree = "<group>";
		};
		A8156D7E20FFCC04005A922D /* Run */ = {
			isa = PBXGroup;
			children = (
				A8156D7F20FFCC24005A922D /* NewRunViewController.swift */,
				A8156D8120FFD463005A922D /* RunDetailsViewController.swift */,
			);
			path = Run;
			sourceTree = "<group>";
		};
		A816D776211730FD00246F37 /* Converter */ = {
			isa = PBXGroup;
			children = (
				A816D7772117311900246F37 /* UnitConverter.swift */,
				A816D7792117322000246F37 /* FormatDisplay.swift */,
			);
			path = Converter;
			sourceTree = "<group>";
		};
		A816D77B211732AE00246F37 /* Locations */ = {
			isa = PBXGroup;
			children = (
				A816D77C211732C200246F37 /* LocationManager.swift */,
			);
			path = Locations;
			sourceTree = "<group>";
		};
		A86EFB822110D108006252A0 /* SupportingFiles */ = {
			isa = PBXGroup;
			children = (
				A86EFB832110D11A006252A0 /* StoryboardSupport.swift */,
			);
			path = SupportingFiles;
			sourceTree = "<group>";
		};
		A8A6242820FE7E24008B21FD /* Base */ = {
			isa = PBXGroup;
			children = (
				A8A6242920FE7E41008B21FD /* BaseView.storyboard */,
				A8A6242B20FE8034008B21FD /* BaseViewController.swift */,
			);
			path = Base;
			sourceTree = "<group>";
		};
		A8F8128020FD23A7001F8D50 = {
			isa = PBXGroup;
			children = (
				A8A6242D20FE8618008B21FD /* FrRunner.xcdatamodeld */,
				A8F8128B20FD23A7001F8D50 /* FrRunner */,
				A8F8128A20FD23A7001F8D50 /* Products */,
				5EA279DD6962D2115E2D578E /* Pods */,
				3C427C4C8D6012C086028EED /* Frameworks */,
			);
			sourceTree = "<group>";
		};
		A8F8128A20FD23A7001F8D50 /* Products */ = {
			isa = PBXGroup;
			children = (
				A8F8128920FD23A7001F8D50 /* FrRunner.app */,
			);
			name = Products;
			sourceTree = "<group>";
		};
		A8F8128B20FD23A7001F8D50 /* FrRunner */ = {
			isa = PBXGroup;
			children = (
				A86EFB822110D108006252A0 /* SupportingFiles */,
				A8F812A220FD2844001F8D50 /* Functionalities */,
				A8F812A120FD2826001F8D50 /* CoreData */,
				A8F812A020FD280C001F8D50 /* Main */,
				A8F8128C20FD23A7001F8D50 /* AppDelegate.swift */,
				A80A4F662125B50800359EB0 /* GoogleService-Info.plist */,
				A8F8129320FD23A8001F8D50 /* Assets.xcassets */,
				A8F8129820FD23A8001F8D50 /* Info.plist */,
			);
			path = FrRunner;
			sourceTree = "<group>";
		};
		A8F812A020FD280C001F8D50 /* Main */ = {
			isa = PBXGroup;
			children = (
				A8F8129520FD23A8001F8D50 /* LaunchScreen.storyboard */,
			);
			path = Main;
			sourceTree = "<group>";
		};
		A8F812A120FD2826001F8D50 /* CoreData */ = {
			isa = PBXGroup;
			children = (
				A816D77E2121A78C00246F37 /* CoreDataStack.swift */,
			);
			path = CoreData;
			sourceTree = "<group>";
		};
		A8F812A220FD2844001F8D50 /* Functionalities */ = {
			isa = PBXGroup;
			children = (
				A80A4F652125AB4C00359EB0 /* Events */,
				A80A4F5F2123592500359EB0 /* History */,
				A816D77B211732AE00246F37 /* Locations */,
				A816D776211730FD00246F37 /* Converter */,
				A8156D7E20FFCC04005A922D /* Run */,
				A8A6242820FE7E24008B21FD /* Base */,
				A8F812A320FD2851001F8D50 /* Login&SignUp */,
			);
			path = Functionalities;
			sourceTree = "<group>";
		};
		A8F812A320FD2851001F8D50 /* Login&SignUp */ = {
			isa = PBXGroup;
			children = (
				A8F8129E20FD2748001F8D50 /* LoginScreen.storyboard */,
				A816269220FD34F8006F09FE /* LoginScreenViewController.swift */,
				A80A4F682125C54400359EB0 /* SignUpViewController.swift */,
			);
			path = "Login&SignUp";
			sourceTree = "<group>";
		};
/* End PBXGroup section */

/* Begin PBXNativeTarget section */
		A8F8128820FD23A7001F8D50 /* FrRunner */ = {
			isa = PBXNativeTarget;
			buildConfigurationList = A8F8129B20FD23A8001F8D50 /* Build configuration list for PBXNativeTarget "FrRunner" */;
			buildPhases = (
				872EAE33A8875E54E8FCF9EA /* [CP] Check Pods Manifest.lock */,
				A8F8128520FD23A7001F8D50 /* Sources */,
				A8F8128620FD23A7001F8D50 /* Frameworks */,
				A8F8128720FD23A7001F8D50 /* Resources */,
				9B340DEB7AF3C59FF1321732 /* [CP] Embed Pods Frameworks */,
			);
			buildRules = (
			);
			dependencies = (
			);
			name = FrRunner;
			productName = FrRunner;
			productReference = A8F8128920FD23A7001F8D50 /* FrRunner.app */;
			productType = "com.apple.product-type.application";
		};
/* End PBXNativeTarget section */

/* Begin PBXProject section */
		A8F8128120FD23A7001F8D50 /* Project object */ = {
			isa = PBXProject;
			attributes = {
				LastSwiftUpdateCheck = 0940;
				LastUpgradeCheck = 0940;
				ORGANIZATIONNAME = "Jakub Kołodziej";
				TargetAttributes = {
					A8F8128820FD23A7001F8D50 = {
						CreatedOnToolsVersion = 9.4.1;
						SystemCapabilities = {
							com.apple.BackgroundModes = {
								enabled = 1;
							};
						};
					};
				};
			};
			buildConfigurationList = A8F8128420FD23A7001F8D50 /* Build configuration list for PBXProject "FrRunner" */;
			compatibilityVersion = "Xcode 9.3";
			developmentRegion = en;
			hasScannedForEncodings = 0;
			knownRegions = (
				en,
				Base,
			);
			mainGroup = A8F8128020FD23A7001F8D50;
			productRefGroup = A8F8128A20FD23A7001F8D50 /* Products */;
			projectDirPath = "";
			projectRoot = "";
			targets = (
				A8F8128820FD23A7001F8D50 /* FrRunner */,
			);
		};
/* End PBXProject section */

/* Begin PBXResourcesBuildPhase section */
		A8F8128720FD23A7001F8D50 /* Resources */ = {
			isa = PBXResourcesBuildPhase;
			buildActionMask = 2147483647;
			files = (
				A8F8129720FD23A8001F8D50 /* LaunchScreen.storyboard in Resources */,
				A8F8129420FD23A8001F8D50 /* Assets.xcassets in Resources */,
				A80A4F672125B50800359EB0 /* GoogleService-Info.plist in Resources */,
				A8A6242A20FE7E41008B21FD /* BaseView.storyboard in Resources */,
				A8F8129F20FD2748001F8D50 /* LoginScreen.storyboard in Resources */,
			);
			runOnlyForDeploymentPostprocessing = 0;
		};
/* End PBXResourcesBuildPhase section */

/* Begin PBXShellScriptBuildPhase section */
		872EAE33A8875E54E8FCF9EA /* [CP] Check Pods Manifest.lock */ = {
			isa = PBXShellScriptBuildPhase;
			buildActionMask = 2147483647;
			files = (
			);
			inputPaths = (
				"${PODS_PODFILE_DIR_PATH}/Podfile.lock",
				"${PODS_ROOT}/Manifest.lock",
			);
			name = "[CP] Check Pods Manifest.lock";
			outputPaths = (
				"$(DERIVED_FILE_DIR)/Pods-FrRunner-checkManifestLockResult.txt",
			);
			runOnlyForDeploymentPostprocessing = 0;
			shellPath = /bin/sh;
			shellScript = "diff \"${PODS_PODFILE_DIR_PATH}/Podfile.lock\" \"${PODS_ROOT}/Manifest.lock\" > /dev/null\nif [ $? != 0 ] ; then\n    # print error to STDERR\n    echo \"error: The sandbox is not in sync with the Podfile.lock. Run 'pod install' or update your CocoaPods installation.\" >&2\n    exit 1\nfi\n# This output is used by Xcode 'outputs' to avoid re-running this script phase.\necho \"SUCCESS\" > \"${SCRIPT_OUTPUT_FILE_0}\"\n";
			showEnvVarsInLog = 0;
		};
		9B340DEB7AF3C59FF1321732 /* [CP] Embed Pods Frameworks */ = {
			isa = PBXShellScriptBuildPhase;
			buildActionMask = 2147483647;
			files = (
			);
			inputPaths = (
				"${SRCROOT}/Pods/Target Support Files/Pods-FrRunner/Pods-FrRunner-frameworks.sh",
				"${BUILT_PRODUCTS_DIR}/GTMSessionFetcher/GTMSessionFetcher.framework",
				"${BUILT_PRODUCTS_DIR}/GoogleUtilities/GoogleUtilities.framework",
				"${BUILT_PRODUCTS_DIR}/nanopb/nanopb.framework",
			);
			name = "[CP] Embed Pods Frameworks";
			outputPaths = (
				"${TARGET_BUILD_DIR}/${FRAMEWORKS_FOLDER_PATH}/GTMSessionFetcher.framework",
				"${TARGET_BUILD_DIR}/${FRAMEWORKS_FOLDER_PATH}/GoogleUtilities.framework",
				"${TARGET_BUILD_DIR}/${FRAMEWORKS_FOLDER_PATH}/nanopb.framework",
			);
			runOnlyForDeploymentPostprocessing = 0;
			shellPath = /bin/sh;
			shellScript = "\"${SRCROOT}/Pods/Target Support Files/Pods-FrRunner/Pods-FrRunner-frameworks.sh\"\n";
			showEnvVarsInLog = 0;
		};
/* End PBXShellScriptBuildPhase section */

/* Begin PBXSourcesBuildPhase section */
		A8F8128520FD23A7001F8D50 /* Sources */ = {
			isa = PBXSourcesBuildPhase;
			buildActionMask = 2147483647;
			files = (
				A8156D8020FFCC24005A922D /* NewRunViewController.swift in Sources */,
				A8A6242F20FE8618008B21FD /* FrRunner.xcdatamodeld in Sources */,
				A816D77D211732C200246F37 /* LocationManager.swift in Sources */,
				A8A6242C20FE8034008B21FD /* BaseViewController.swift in Sources */,
				A80A4F6421235E9800359EB0 /* RunsHistoryTableViewCell.swift in Sources */,
				A8156D8220FFD463005A922D /* RunDetailsViewController.swift in Sources */,
				A8F8128D20FD23A7001F8D50 /* AppDelegate.swift in Sources */,
				A816D77F2121A78C00246F37 /* CoreDataStack.swift in Sources */,
				A80A4F692125C54400359EB0 /* SignUpViewController.swift in Sources */,
				A80A4F612123593F00359EB0 /* RunsHistoryViewController.swift in Sources */,
				A816269320FD34F8006F09FE /* LoginScreenViewController.swift in Sources */,
				A816D77A2117322000246F37 /* FormatDisplay.swift in Sources */,
				A816D7782117311900246F37 /* UnitConverter.swift in Sources */,
				A86EFB842110D11A006252A0 /* StoryboardSupport.swift in Sources */,
			);
			runOnlyForDeploymentPostprocessing = 0;
		};
/* End PBXSourcesBuildPhase section */

/* Begin PBXVariantGroup section */
		A8F8129520FD23A8001F8D50 /* LaunchScreen.storyboard */ = {
			isa = PBXVariantGroup;
			children = (
				A8F8129620FD23A8001F8D50 /* Base */,
			);
			name = LaunchScreen.storyboard;
			sourceTree = "<group>";
		};
/* End PBXVariantGroup section */

/* Begin XCBuildConfiguration section */
		A8F8129920FD23A8001F8D50 /* Debug */ = {
			isa = XCBuildConfiguration;
			buildSettings = {
				ALWAYS_SEARCH_USER_PATHS = NO;
				CLANG_ANALYZER_NONNULL = YES;
				CLANG_ANALYZER_NUMBER_OBJECT_CONVERSION = YES_AGGRESSIVE;
				CLANG_CXX_LANGUAGE_STANDARD = "gnu++14";
				CLANG_CXX_LIBRARY = "libc++";
				CLANG_ENABLE_MODULES = YES;
				CLANG_ENABLE_OBJC_ARC = YES;
				CLANG_ENABLE_OBJC_WEAK = YES;
				CLANG_WARN_BLOCK_CAPTURE_AUTORELEASING = YES;
				CLANG_WARN_BOOL_CONVERSION = YES;
				CLANG_WARN_COMMA = YES;
				CLANG_WARN_CONSTANT_CONVERSION = YES;
				CLANG_WARN_DEPRECATED_OBJC_IMPLEMENTATIONS = YES;
				CLANG_WARN_DIRECT_OBJC_ISA_USAGE = YES_ERROR;
				CLANG_WARN_DOCUMENTATION_COMMENTS = YES;
				CLANG_WARN_EMPTY_BODY = YES;
				CLANG_WARN_ENUM_CONVERSION = YES;
				CLANG_WARN_INFINITE_RECURSION = YES;
				CLANG_WARN_INT_CONVERSION = YES;
				CLANG_WARN_NON_LITERAL_NULL_CONVERSION = YES;
				CLANG_WARN_OBJC_IMPLICIT_RETAIN_SELF = YES;
				CLANG_WARN_OBJC_LITERAL_CONVERSION = YES;
				CLANG_WARN_OBJC_ROOT_CLASS = YES_ERROR;
				CLANG_WARN_RANGE_LOOP_ANALYSIS = YES;
				CLANG_WARN_STRICT_PROTOTYPES = YES;
				CLANG_WARN_SUSPICIOUS_MOVE = YES;
				CLANG_WARN_UNGUARDED_AVAILABILITY = YES_AGGRESSIVE;
				CLANG_WARN_UNREACHABLE_CODE = YES;
				CLANG_WARN__DUPLICATE_METHOD_MATCH = YES;
				CODE_SIGN_IDENTITY = "iPhone Developer";
				COPY_PHASE_STRIP = NO;
				DEBUG_INFORMATION_FORMAT = dwarf;
				ENABLE_STRICT_OBJC_MSGSEND = YES;
				ENABLE_TESTABILITY = YES;
				GCC_C_LANGUAGE_STANDARD = gnu11;
				GCC_DYNAMIC_NO_PIC = NO;
				GCC_NO_COMMON_BLOCKS = YES;
				GCC_OPTIMIZATION_LEVEL = 0;
				GCC_PREPROCESSOR_DEFINITIONS = (
					"DEBUG=1",
					"$(inherited)",
				);
				GCC_WARN_64_TO_32_BIT_CONVERSION = YES;
				GCC_WARN_ABOUT_RETURN_TYPE = YES_ERROR;
				GCC_WARN_UNDECLARED_SELECTOR = YES;
				GCC_WARN_UNINITIALIZED_AUTOS = YES_AGGRESSIVE;
				GCC_WARN_UNUSED_FUNCTION = YES;
				GCC_WARN_UNUSED_VARIABLE = YES;
				IPHONEOS_DEPLOYMENT_TARGET = 11.4;
				MTL_ENABLE_DEBUG_INFO = YES;
				ONLY_ACTIVE_ARCH = YES;
				SDKROOT = iphoneos;
				SWIFT_ACTIVE_COMPILATION_CONDITIONS = DEBUG;
				SWIFT_OPTIMIZATION_LEVEL = "-Onone";
			};
			name = Debug;
		};
		A8F8129A20FD23A8001F8D50 /* Release */ = {
			isa = XCBuildConfiguration;
			buildSettings = {
				ALWAYS_SEARCH_USER_PATHS = NO;
				CLANG_ANALYZER_NONNULL = YES;
				CLANG_ANALYZER_NUMBER_OBJECT_CONVERSION = YES_AGGRESSIVE;
				CLANG_CXX_LANGUAGE_STANDARD = "gnu++14";
				CLANG_CXX_LIBRARY = "libc++";
				CLANG_ENABLE_MODULES = YES;
				CLANG_ENABLE_OBJC_ARC = YES;
				CLANG_ENABLE_OBJC_WEAK = YES;
				CLANG_WARN_BLOCK_CAPTURE_AUTORELEASING = YES;
				CLANG_WARN_BOOL_CONVERSION = YES;
				CLANG_WARN_COMMA = YES;
				CLANG_WARN_CONSTANT_CONVERSION = YES;
				CLANG_WARN_DEPRECATED_OBJC_IMPLEMENTATIONS = YES;
				CLANG_WARN_DIRECT_OBJC_ISA_USAGE = YES_ERROR;
				CLANG_WARN_DOCUMENTATION_COMMENTS = YES;
				CLANG_WARN_EMPTY_BODY = YES;
				CLANG_WARN_ENUM_CONVERSION = YES;
				CLANG_WARN_INFINITE_RECURSION = YES;
				CLANG_WARN_INT_CONVERSION = YES;
				CLANG_WARN_NON_LITERAL_NULL_CONVERSION = YES;
				CLANG_WARN_OBJC_IMPLICIT_RETAIN_SELF = YES;
				CLANG_WARN_OBJC_LITERAL_CONVERSION = YES;
				CLANG_WARN_OBJC_ROOT_CLASS = YES_ERROR;
				CLANG_WARN_RANGE_LOOP_ANALYSIS = YES;
				CLANG_WARN_STRICT_PROTOTYPES = YES;
				CLANG_WARN_SUSPICIOUS_MOVE = YES;
				CLANG_WARN_UNGUARDED_AVAILABILITY = YES_AGGRESSIVE;
				CLANG_WARN_UNREACHABLE_CODE = YES;
				CLANG_WARN__DUPLICATE_METHOD_MATCH = YES;
				CODE_SIGN_IDENTITY = "iPhone Developer";
				COPY_PHASE_STRIP = NO;
				DEBUG_INFORMATION_FORMAT = "dwarf-with-dsym";
				ENABLE_NS_ASSERTIONS = NO;
				ENABLE_STRICT_OBJC_MSGSEND = YES;
				GCC_C_LANGUAGE_STANDARD = gnu11;
				GCC_NO_COMMON_BLOCKS = YES;
				GCC_WARN_64_TO_32_BIT_CONVERSION = YES;
				GCC_WARN_ABOUT_RETURN_TYPE = YES_ERROR;
				GCC_WARN_UNDECLARED_SELECTOR = YES;
				GCC_WARN_UNINITIALIZED_AUTOS = YES_AGGRESSIVE;
				GCC_WARN_UNUSED_FUNCTION = YES;
				GCC_WARN_UNUSED_VARIABLE = YES;
				IPHONEOS_DEPLOYMENT_TARGET = 11.4;
				MTL_ENABLE_DEBUG_INFO = NO;
				SDKROOT = iphoneos;
				SWIFT_COMPILATION_MODE = wholemodule;
				SWIFT_OPTIMIZATION_LEVEL = "-O";
				VALIDATE_PRODUCT = YES;
			};
			name = Release;
		};
		A8F8129C20FD23A8001F8D50 /* Debug */ = {
			isa = XCBuildConfiguration;
			baseConfigurationReference = E8775D7C7CE65E4AE91C86A5 /* Pods-FrRunner.debug.xcconfig */;
			buildSettings = {
				ASSETCATALOG_COMPILER_APPICON_NAME = AppIcon;
				CODE_SIGN_STYLE = Automatic;
				DEVELOPMENT_TEAM = WC88QSKZG5;
				INFOPLIST_FILE = FrRunner/Info.plist;
				LD_RUNPATH_SEARCH_PATHS = (
					"$(inherited)",
					"@executable_path/Frameworks",
				);
				PRODUCT_BUNDLE_IDENTIFIER = JFK.FrRunner;
				PRODUCT_NAME = "$(TARGET_NAME)";
				SWIFT_VERSION = 4.0;
				TARGETED_DEVICE_FAMILY = "1,2";
			};
			name = Debug;
		};
		A8F8129D20FD23A8001F8D50 /* Release */ = {
			isa = XCBuildConfiguration;
			baseConfigurationReference = 28F2D07DE3985672BED3BE74 /* Pods-FrRunner.release.xcconfig */;
			buildSettings = {
				ASSETCATALOG_COMPILER_APPICON_NAME = AppIcon;
				CODE_SIGN_STYLE = Automatic;
				DEVELOPMENT_TEAM = WC88QSKZG5;
				INFOPLIST_FILE = FrRunner/Info.plist;
				LD_RUNPATH_SEARCH_PATHS = (
					"$(inherited)",
					"@executable_path/Frameworks",
				);
				PRODUCT_BUNDLE_IDENTIFIER = JFK.FrRunner;
				PRODUCT_NAME = "$(TARGET_NAME)";
				SWIFT_VERSION = 4.0;
				TARGETED_DEVICE_FAMILY = "1,2";
			};
			name = Release;
		};
/* End XCBuildConfiguration section */

/* Begin XCConfigurationList section */
		A8F8128420FD23A7001F8D50 /* Build configuration list for PBXProject "FrRunner" */ = {
			isa = XCConfigurationList;
			buildConfigurations = (
				A8F8129920FD23A8001F8D50 /* Debug */,
				A8F8129A20FD23A8001F8D50 /* Release */,
			);
			defaultConfigurationIsVisible = 0;
			defaultConfigurationName = Release;
		};
		A8F8129B20FD23A8001F8D50 /* Build configuration list for PBXNativeTarget "FrRunner" */ = {
			isa = XCConfigurationList;
			buildConfigurations = (
				A8F8129C20FD23A8001F8D50 /* Debug */,
				A8F8129D20FD23A8001F8D50 /* Release */,
			);
			defaultConfigurationIsVisible = 0;
			defaultConfigurationName = Release;
		};
/* End XCConfigurationList section */

/* Begin XCVersionGroup section */
		A8A6242D20FE8618008B21FD /* FrRunner.xcdatamodeld */ = {
			isa = XCVersionGroup;
			children = (
				A8A6242E20FE8618008B21FD /* DataModel.xcdatamodel */,
			);
			currentVersion = A8A6242E20FE8618008B21FD /* DataModel.xcdatamodel */;
			path = FrRunner.xcdatamodeld;
			sourceTree = "<group>";
			versionGroupType = wrapper.xcdatamodel;
		};
/* End XCVersionGroup section */
	};
	rootObject = A8F8128120FD23A7001F8D50 /* Project object */;
}
