// !$*UTF8*$!
{
	archiveVersion = 1;
	classes = {
	};
	objectVersion = 50;
	objects = {

/* Begin PBXBuildFile section */
		A8024D3C21A379DB00034F63 /* EventListViewController.swift in Sources */ = {isa = PBXBuildFile; fileRef = A8024D3B21A379DB00034F63 /* EventListViewController.swift */; };
		A8024D3E21A37A6C00034F63 /* EventList.storyboard in Resources */ = {isa = PBXBuildFile; fileRef = A8024D3D21A37A6C00034F63 /* EventList.storyboard */; };
		A8024D4021A4555400034F63 /* EventPageController.swift in Sources */ = {isa = PBXBuildFile; fileRef = A8024D3F21A4555400034F63 /* EventPageController.swift */; };
		A8024D4221A455C300034F63 /* EventPage.storyboard in Resources */ = {isa = PBXBuildFile; fileRef = A8024D4121A455C300034F63 /* EventPage.storyboard */; };
		A807CFF32157ADE2007A5468 /* ChooseLocation.storyboard in Resources */ = {isa = PBXBuildFile; fileRef = A807CFF22157ADE2007A5468 /* ChooseLocation.storyboard */; };
		A80A4F612123593F00359EB0 /* RunsHistoryViewController.swift in Sources */ = {isa = PBXBuildFile; fileRef = A80A4F602123593F00359EB0 /* RunsHistoryViewController.swift */; };
		A80A4F6421235E9800359EB0 /* RunsHistoryTableViewCell.swift in Sources */ = {isa = PBXBuildFile; fileRef = A80A4F6321235E9800359EB0 /* RunsHistoryTableViewCell.swift */; };
		A80A4F672125B50800359EB0 /* GoogleService-Info.plist in Resources */ = {isa = PBXBuildFile; fileRef = A80A4F662125B50800359EB0 /* GoogleService-Info.plist */; };
		A80A4F692125C54400359EB0 /* SignUpViewController.swift in Sources */ = {isa = PBXBuildFile; fileRef = A80A4F682125C54400359EB0 /* SignUpViewController.swift */; };
		A80A867C214D9051003057C1 /* CreateEventViewController.swift in Sources */ = {isa = PBXBuildFile; fileRef = A80A867B214D9051003057C1 /* CreateEventViewController.swift */; };
		A80A867E214D91AC003057C1 /* ChooseLocationViewController.swift in Sources */ = {isa = PBXBuildFile; fileRef = A80A867D214D91AC003057C1 /* ChooseLocationViewController.swift */; };
		A80A867F214D92AB003057C1 /* FrRunner.xcdatamodeld in Sources */ = {isa = PBXBuildFile; fileRef = A8A6242D20FE8618008B21FD /* FrRunner.xcdatamodeld */; };
		A81098FC21B58EE5002CC529 /* FriendMenuViewController.swift in Sources */ = {isa = PBXBuildFile; fileRef = A81098FB21B58EE5002CC529 /* FriendMenuViewController.swift */; };
		A81098FE21B59037002CC529 /* SocialMenu.storyboard in Resources */ = {isa = PBXBuildFile; fileRef = A81098FD21B59037002CC529 /* SocialMenu.storyboard */; };
		A8156D8020FFCC24005A922D /* NewRunViewController.swift in Sources */ = {isa = PBXBuildFile; fileRef = A8156D7F20FFCC24005A922D /* NewRunViewController.swift */; };
		A8156D8220FFD463005A922D /* RunDetailsViewController.swift in Sources */ = {isa = PBXBuildFile; fileRef = A8156D8120FFD463005A922D /* RunDetailsViewController.swift */; };
		A816269320FD34F8006F09FE /* LoginScreenViewController.swift in Sources */ = {isa = PBXBuildFile; fileRef = A816269220FD34F8006F09FE /* LoginScreenViewController.swift */; };
		A816D7782117311900246F37 /* UnitConverter.swift in Sources */ = {isa = PBXBuildFile; fileRef = A816D7772117311900246F37 /* UnitConverter.swift */; };
		A816D77A2117322000246F37 /* FormatDisplay.swift in Sources */ = {isa = PBXBuildFile; fileRef = A816D7792117322000246F37 /* FormatDisplay.swift */; };
		A816D77D211732C200246F37 /* LocationManager.swift in Sources */ = {isa = PBXBuildFile; fileRef = A816D77C211732C200246F37 /* LocationManager.swift */; };
		A816D77F2121A78C00246F37 /* CoreDataStack.swift in Sources */ = {isa = PBXBuildFile; fileRef = A816D77E2121A78C00246F37 /* CoreDataStack.swift */; };
		A85A0D4621963FC700B826A0 /* AddExistingEvent.storyboard in Resources */ = {isa = PBXBuildFile; fileRef = A85A0D4521963FC700B826A0 /* AddExistingEvent.storyboard */; };
		A85A0D482196406A00B826A0 /* AddExistingEventViewController.swift in Sources */ = {isa = PBXBuildFile; fileRef = A85A0D472196406A00B826A0 /* AddExistingEventViewController.swift */; };
		A86EFB842110D11A006252A0 /* StoryboardSupport.swift in Sources */ = {isa = PBXBuildFile; fileRef = A86EFB832110D11A006252A0 /* StoryboardSupport.swift */; };
		A87B7F0521A5638000B70A76 /* EventsListTableViewCell.swift in Sources */ = {isa = PBXBuildFile; fileRef = A87B7F0321A5638000B70A76 /* EventsListTableViewCell.swift */; };
		A87B7F0621A5638000B70A76 /* EventsListTableViewCell.xib in Resources */ = {isa = PBXBuildFile; fileRef = A87B7F0421A5638000B70A76 /* EventsListTableViewCell.xib */; };
		A87B7F0A21A57D2200B70A76 /* EventsListSectionCollectionViewCell.swift in Sources */ = {isa = PBXBuildFile; fileRef = A87B7F0821A57D2200B70A76 /* EventsListSectionCollectionViewCell.swift */; };
		A87B7F0B21A57D2200B70A76 /* EventsListSectionCollectionViewCell.xib in Resources */ = {isa = PBXBuildFile; fileRef = A87B7F0921A57D2200B70A76 /* EventsListSectionCollectionViewCell.xib */; };
		A87C6610218DE3E600AEEF79 /* User.swift in Sources */ = {isa = PBXBuildFile; fileRef = A87C660F218DE3E600AEEF79 /* User.swift */; };
		A87C6612218DE49D00AEEF79 /* Constants.swift in Sources */ = {isa = PBXBuildFile; fileRef = A87C6611218DE49D00AEEF79 /* Constants.swift */; };
		A87C6614218DE71700AEEF79 /* Helper.swift in Sources */ = {isa = PBXBuildFile; fileRef = A87C6613218DE71700AEEF79 /* Helper.swift */; };
		A87CA5C721B19B4900623F2F /* FriendsViewController.swift in Sources */ = {isa = PBXBuildFile; fileRef = A87CA5C621B19B4900623F2F /* FriendsViewController.swift */; };
		A87CA5CD21B4583E00623F2F /* DistanceChallengeViewController.swift in Sources */ = {isa = PBXBuildFile; fileRef = A87CA5CB21B4583E00623F2F /* DistanceChallengeViewController.swift */; };
		A87CA5D021B4585600623F2F /* DistanceChallenge.storyboard in Resources */ = {isa = PBXBuildFile; fileRef = A87CA5CF21B4585600623F2F /* DistanceChallenge.storyboard */; };
		A87CA5D321B5557E00623F2F /* FriendsPageController.swift in Sources */ = {isa = PBXBuildFile; fileRef = A87CA5D221B5557E00623F2F /* FriendsPageController.swift */; };
		A87CA5D521B5558F00623F2F /* FriendsPage.storyboard in Resources */ = {isa = PBXBuildFile; fileRef = A87CA5D421B5558F00623F2F /* FriendsPage.storyboard */; };
		A87CA5D721B5560E00623F2F /* FriendsListViewController.swift in Sources */ = {isa = PBXBuildFile; fileRef = A87CA5D621B5560E00623F2F /* FriendsListViewController.swift */; };
		A87CA5D921B5561A00623F2F /* FriendsList.storyboard in Resources */ = {isa = PBXBuildFile; fileRef = A87CA5D821B5561A00623F2F /* FriendsList.storyboard */; };
		A87CA5DF21B5647100623F2F /* FriendsListTableViewCell.swift in Sources */ = {isa = PBXBuildFile; fileRef = A87CA5DD21B5647100623F2F /* FriendsListTableViewCell.swift */; };
		A87CA5E021B5647100623F2F /* FriendsRequestListTableViewCell.xib in Resources */ = {isa = PBXBuildFile; fileRef = A87CA5DE21B5647100623F2F /* FriendsRequestListTableViewCell.xib */; };
		A87CA5E321B564E400623F2F /* FriendsListSectionCollectionViewCell.swift in Sources */ = {isa = PBXBuildFile; fileRef = A87CA5E121B564E400623F2F /* FriendsListSectionCollectionViewCell.swift */; };
		A87CA5E421B564E400623F2F /* FriendsListSectionCollectionViewCell.xib in Resources */ = {isa = PBXBuildFile; fileRef = A87CA5E221B564E400623F2F /* FriendsListSectionCollectionViewCell.xib */; };
		A883C51021A187C8007ED5C9 /* CreateEvent.storyboard in Resources */ = {isa = PBXBuildFile; fileRef = A883C50F21A187C8007ED5C9 /* CreateEvent.storyboard */; };
		A89C84C521BC425300D14DEF /* AccountNetworkManager.swift in Sources */ = {isa = PBXBuildFile; fileRef = A89C84C421BC425300D14DEF /* AccountNetworkManager.swift */; };
		A89C84C721BC79B000D14DEF /* RunsNetworkManager.swift in Sources */ = {isa = PBXBuildFile; fileRef = A89C84C621BC79B000D14DEF /* RunsNetworkManager.swift */; };
		A89C84C921BD2FDA00D14DEF /* ChallengeNetworkManager.swift in Sources */ = {isa = PBXBuildFile; fileRef = A89C84C821BD2FD900D14DEF /* ChallengeNetworkManager.swift */; };
		A89C84CC21BD49CA00D14DEF /* ChallengesLocalRepository.swift in Sources */ = {isa = PBXBuildFile; fileRef = A89C84CB21BD49CA00D14DEF /* ChallengesLocalRepository.swift */; };
		A89C84CF21BD540600D14DEF /* ChallengeSummaryViewController.swift in Sources */ = {isa = PBXBuildFile; fileRef = A89C84CE21BD540600D14DEF /* ChallengeSummaryViewController.swift */; };
		A89C84D121BD549700D14DEF /* ChallengeSummary.storyboard in Resources */ = {isa = PBXBuildFile; fileRef = A89C84D021BD549700D14DEF /* ChallengeSummary.storyboard */; };
		A89C84D521BD67E900D14DEF /* ChallangeSummaryTableViewCell.swift in Sources */ = {isa = PBXBuildFile; fileRef = A89C84D321BD67E900D14DEF /* ChallangeSummaryTableViewCell.swift */; };
		A89C84D621BD67E900D14DEF /* ChallangeSummaryTableViewCell.xib in Resources */ = {isa = PBXBuildFile; fileRef = A89C84D421BD67E900D14DEF /* ChallangeSummaryTableViewCell.xib */; };
		A89C84D921BD681300D14DEF /* ChallengeListTitleTableViewCell.swift in Sources */ = {isa = PBXBuildFile; fileRef = A89C84D721BD681300D14DEF /* ChallengeListTitleTableViewCell.swift */; };
		A89C84DA21BD681300D14DEF /* ChallengeListTitleTableViewCell.xib in Resources */ = {isa = PBXBuildFile; fileRef = A89C84D821BD681300D14DEF /* ChallengeListTitleTableViewCell.xib */; };
		A89C84DD21BF255E00D14DEF /* ChallengeListDetailsViewController.swift in Sources */ = {isa = PBXBuildFile; fileRef = A89C84DC21BF255E00D14DEF /* ChallengeListDetailsViewController.swift */; };
		A89C84DF21BFF79300D14DEF /* ChallengeList.storyboard in Resources */ = {isa = PBXBuildFile; fileRef = A89C84DE21BFF79300D14DEF /* ChallengeList.storyboard */; };
		A89C84E221BFFC6A00D14DEF /* ChallengeListBaseTableViewCell.swift in Sources */ = {isa = PBXBuildFile; fileRef = A89C84E121BFFC6A00D14DEF /* ChallengeListBaseTableViewCell.swift */; };
		A89C84E521BFFD4300D14DEF /* ChallengeListMapTableViewCell.swift in Sources */ = {isa = PBXBuildFile; fileRef = A89C84E321BFFD4300D14DEF /* ChallengeListMapTableViewCell.swift */; };
		A89C84E621BFFD4300D14DEF /* ChallengeListMapTableViewCell.xib in Resources */ = {isa = PBXBuildFile; fileRef = A89C84E421BFFD4300D14DEF /* ChallengeListMapTableViewCell.xib */; };
		A89C84EA21C00FD000D14DEF /* ChallengeListAuthorTableViewCell.swift in Sources */ = {isa = PBXBuildFile; fileRef = A89C84E821C00FD000D14DEF /* ChallengeListAuthorTableViewCell.swift */; };
		A89C84EB21C00FD100D14DEF /* ChallengeListAuthorTableViewCell.xib in Resources */ = {isa = PBXBuildFile; fileRef = A89C84E921C00FD000D14DEF /* ChallengeListAuthorTableViewCell.xib */; };
		A89C84EE21C00FEF00D14DEF /* ChallengeListDescriptionTableViewCell.swift in Sources */ = {isa = PBXBuildFile; fileRef = A89C84EC21C00FEF00D14DEF /* ChallengeListDescriptionTableViewCell.swift */; };
		A89C84EF21C00FEF00D14DEF /* ChallengeListDescriptionTableViewCell.xib in Resources */ = {isa = PBXBuildFile; fileRef = A89C84ED21C00FEF00D14DEF /* ChallengeListDescriptionTableViewCell.xib */; };
		A89C84F121C05B7200D14DEF /* OneRunChallengeViewController.swift in Sources */ = {isa = PBXBuildFile; fileRef = A89C84F021C05B7200D14DEF /* OneRunChallengeViewController.swift */; };
		A89C84F321C05B9C00D14DEF /* OneRun.storyboard in Resources */ = {isa = PBXBuildFile; fileRef = A89C84F221C05B9C00D14DEF /* OneRun.storyboard */; };
		A8A351A621A059AF00CF019D /* FriendsNetworkManager.swift in Sources */ = {isa = PBXBuildFile; fileRef = A8A351A521A059AF00CF019D /* FriendsNetworkManager.swift */; };
		A8A6242A20FE7E41008B21FD /* BaseView.storyboard in Resources */ = {isa = PBXBuildFile; fileRef = A8A6242920FE7E41008B21FD /* BaseView.storyboard */; };
		A8A6242C20FE8034008B21FD /* BaseViewController.swift in Sources */ = {isa = PBXBuildFile; fileRef = A8A6242B20FE8034008B21FD /* BaseViewController.swift */; };
		A8CF7E3D218F5BCB00AC433B /* EventsNetworkManager.swift in Sources */ = {isa = PBXBuildFile; fileRef = A8CF7E3C218F5BCB00AC433B /* EventsNetworkManager.swift */; };
		A8DF38EA21AA0A8C0011D17D /* NSRegularExpresions.swift in Sources */ = {isa = PBXBuildFile; fileRef = A8DF38E921AA0A8C0011D17D /* NSRegularExpresions.swift */; };
		A8DF38ED21AC9D6F0011D17D /* EventDetailsViewController.swift in Sources */ = {isa = PBXBuildFile; fileRef = A8DF38EC21AC9D6F0011D17D /* EventDetailsViewController.swift */; };
		A8DF38EF21AC9D7B0011D17D /* EventDetails.storyboard in Resources */ = {isa = PBXBuildFile; fileRef = A8DF38EE21AC9D7B0011D17D /* EventDetails.storyboard */; };
		A8DF38F721ACA0F40011D17D /* EventDetailsLocationTableViewCell.swift in Sources */ = {isa = PBXBuildFile; fileRef = A8DF38F521ACA0F40011D17D /* EventDetailsLocationTableViewCell.swift */; };
		A8DF38F821ACA0F40011D17D /* EventDetailsLocationTableViewCell.xib in Resources */ = {isa = PBXBuildFile; fileRef = A8DF38F621ACA0F40011D17D /* EventDetailsLocationTableViewCell.xib */; };
		A8DF38FB21AD52FB0011D17D /* EventDetailsTitleTableViewCell.swift in Sources */ = {isa = PBXBuildFile; fileRef = A8DF38F921AD52FB0011D17D /* EventDetailsTitleTableViewCell.swift */; };
		A8DF38FC21AD52FB0011D17D /* EventDetailsTitleTableViewCell.xib in Resources */ = {isa = PBXBuildFile; fileRef = A8DF38FA21AD52FB0011D17D /* EventDetailsTitleTableViewCell.xib */; };
		A8DF38FE21AD53FE0011D17D /* EventDetailsBaseTableViewCell.swift in Sources */ = {isa = PBXBuildFile; fileRef = A8DF38FD21AD53FE0011D17D /* EventDetailsBaseTableViewCell.swift */; };
		A8DF390121AD57940011D17D /* EventDetailsDateTableViewCell.swift in Sources */ = {isa = PBXBuildFile; fileRef = A8DF38FF21AD57940011D17D /* EventDetailsDateTableViewCell.swift */; };
		A8DF390221AD57940011D17D /* EventDetailsDateTableViewCell.xib in Resources */ = {isa = PBXBuildFile; fileRef = A8DF390021AD57940011D17D /* EventDetailsDateTableViewCell.xib */; };
		A8DF390521AD5A6E0011D17D /* EventDetailsAuthorAndLocationNameTableViewCell.swift in Sources */ = {isa = PBXBuildFile; fileRef = A8DF390321AD5A6E0011D17D /* EventDetailsAuthorAndLocationNameTableViewCell.swift */; };
		A8DF390621AD5A6E0011D17D /* EventDetailsAuthorAndLocationNameTableViewCell.xib in Resources */ = {isa = PBXBuildFile; fileRef = A8DF390421AD5A6E0011D17D /* EventDetailsAuthorAndLocationNameTableViewCell.xib */; };
		A8DF390A21AD5C710011D17D /* EventDetailsDescriptionTableViewCell.swift in Sources */ = {isa = PBXBuildFile; fileRef = A8DF390821AD5C710011D17D /* EventDetailsDescriptionTableViewCell.swift */; };
		A8DF390B21AD5C710011D17D /* EventDetailsDescriptionTableViewCell.xib in Resources */ = {isa = PBXBuildFile; fileRef = A8DF390921AD5C710011D17D /* EventDetailsDescriptionTableViewCell.xib */; };
		A8DF390D21AD5F050011D17D /* Event.swift in Sources */ = {isa = PBXBuildFile; fileRef = A8DF390C21AD5F050011D17D /* Event.swift */; };
		A8EC402121A31FF300968F97 /* LoadingView.swift in Sources */ = {isa = PBXBuildFile; fileRef = A8EC402021A31FF300968F97 /* LoadingView.swift */; };
		A8EC402321A3203300968F97 /* LoadingView.xib in Resources */ = {isa = PBXBuildFile; fileRef = A8EC402221A3203300968F97 /* LoadingView.xib */; };
		A8EC402621A3208E00968F97 /* BaseController.swift in Sources */ = {isa = PBXBuildFile; fileRef = A8EC402521A3208E00968F97 /* BaseController.swift */; };
		A8F8128D20FD23A7001F8D50 /* AppDelegate.swift in Sources */ = {isa = PBXBuildFile; fileRef = A8F8128C20FD23A7001F8D50 /* AppDelegate.swift */; };
		A8F8129420FD23A8001F8D50 /* Assets.xcassets in Resources */ = {isa = PBXBuildFile; fileRef = A8F8129320FD23A8001F8D50 /* Assets.xcassets */; };
		A8F8129720FD23A8001F8D50 /* LaunchScreen.storyboard in Resources */ = {isa = PBXBuildFile; fileRef = A8F8129520FD23A8001F8D50 /* LaunchScreen.storyboard */; };
		A8F8129F20FD2748001F8D50 /* LoginScreen.storyboard in Resources */ = {isa = PBXBuildFile; fileRef = A8F8129E20FD2748001F8D50 /* LoginScreen.storyboard */; };
		C12DFEED1BDB546C1A1CBA14 /* Pods_FrRunner.framework in Frameworks */ = {isa = PBXBuildFile; fileRef = 86E3F4ECD3E5616A16230C88 /* Pods_FrRunner.framework */; };
/* End PBXBuildFile section */

/* Begin PBXFileReference section */
		28F2D07DE3985672BED3BE74 /* Pods-FrRunner.release.xcconfig */ = {isa = PBXFileReference; includeInIndex = 1; lastKnownFileType = text.xcconfig; name = "Pods-FrRunner.release.xcconfig"; path = "Pods/Target Support Files/Pods-FrRunner/Pods-FrRunner.release.xcconfig"; sourceTree = "<group>"; };
		86E3F4ECD3E5616A16230C88 /* Pods_FrRunner.framework */ = {isa = PBXFileReference; explicitFileType = wrapper.framework; includeInIndex = 0; path = Pods_FrRunner.framework; sourceTree = BUILT_PRODUCTS_DIR; };
		A8024D3B21A379DB00034F63 /* EventListViewController.swift */ = {isa = PBXFileReference; lastKnownFileType = sourcecode.swift; path = EventListViewController.swift; sourceTree = "<group>"; };
		A8024D3D21A37A6C00034F63 /* EventList.storyboard */ = {isa = PBXFileReference; lastKnownFileType = file.storyboard; path = EventList.storyboard; sourceTree = "<group>"; };
		A8024D3F21A4555400034F63 /* EventPageController.swift */ = {isa = PBXFileReference; lastKnownFileType = sourcecode.swift; path = EventPageController.swift; sourceTree = "<group>"; };
		A8024D4121A455C300034F63 /* EventPage.storyboard */ = {isa = PBXFileReference; lastKnownFileType = file.storyboard; path = EventPage.storyboard; sourceTree = "<group>"; };
		A807CFF22157ADE2007A5468 /* ChooseLocation.storyboard */ = {isa = PBXFileReference; lastKnownFileType = file.storyboard; path = ChooseLocation.storyboard; sourceTree = "<group>"; };
		A80A4F602123593F00359EB0 /* RunsHistoryViewController.swift */ = {isa = PBXFileReference; lastKnownFileType = sourcecode.swift; path = RunsHistoryViewController.swift; sourceTree = "<group>"; };
		A80A4F6321235E9800359EB0 /* RunsHistoryTableViewCell.swift */ = {isa = PBXFileReference; lastKnownFileType = sourcecode.swift; path = RunsHistoryTableViewCell.swift; sourceTree = "<group>"; };
		A80A4F662125B50800359EB0 /* GoogleService-Info.plist */ = {isa = PBXFileReference; fileEncoding = 4; lastKnownFileType = text.plist.xml; path = "GoogleService-Info.plist"; sourceTree = "<group>"; };
		A80A4F682125C54400359EB0 /* SignUpViewController.swift */ = {isa = PBXFileReference; lastKnownFileType = sourcecode.swift; path = SignUpViewController.swift; sourceTree = "<group>"; };
		A80A867B214D9051003057C1 /* CreateEventViewController.swift */ = {isa = PBXFileReference; lastKnownFileType = sourcecode.swift; path = CreateEventViewController.swift; sourceTree = "<group>"; };
		A80A867D214D91AC003057C1 /* ChooseLocationViewController.swift */ = {isa = PBXFileReference; lastKnownFileType = sourcecode.swift; path = ChooseLocationViewController.swift; sourceTree = "<group>"; };
		A81098FB21B58EE5002CC529 /* FriendMenuViewController.swift */ = {isa = PBXFileReference; lastKnownFileType = sourcecode.swift; path = FriendMenuViewController.swift; sourceTree = "<group>"; };
		A81098FD21B59037002CC529 /* SocialMenu.storyboard */ = {isa = PBXFileReference; lastKnownFileType = file.storyboard; path = SocialMenu.storyboard; sourceTree = "<group>"; };
		A8156D7F20FFCC24005A922D /* NewRunViewController.swift */ = {isa = PBXFileReference; lastKnownFileType = sourcecode.swift; path = NewRunViewController.swift; sourceTree = "<group>"; };
		A8156D8120FFD463005A922D /* RunDetailsViewController.swift */ = {isa = PBXFileReference; lastKnownFileType = sourcecode.swift; path = RunDetailsViewController.swift; sourceTree = "<group>"; };
		A816269220FD34F8006F09FE /* LoginScreenViewController.swift */ = {isa = PBXFileReference; lastKnownFileType = sourcecode.swift; path = LoginScreenViewController.swift; sourceTree = "<group>"; };
		A816D7772117311900246F37 /* UnitConverter.swift */ = {isa = PBXFileReference; lastKnownFileType = sourcecode.swift; path = UnitConverter.swift; sourceTree = "<group>"; };
		A816D7792117322000246F37 /* FormatDisplay.swift */ = {isa = PBXFileReference; lastKnownFileType = sourcecode.swift; path = FormatDisplay.swift; sourceTree = "<group>"; };
		A816D77C211732C200246F37 /* LocationManager.swift */ = {isa = PBXFileReference; lastKnownFileType = sourcecode.swift; path = LocationManager.swift; sourceTree = "<group>"; };
		A816D77E2121A78C00246F37 /* CoreDataStack.swift */ = {isa = PBXFileReference; fileEncoding = 4; lastKnownFileType = sourcecode.swift; path = CoreDataStack.swift; sourceTree = "<group>"; };
		A85A0D4521963FC700B826A0 /* AddExistingEvent.storyboard */ = {isa = PBXFileReference; lastKnownFileType = file.storyboard; path = AddExistingEvent.storyboard; sourceTree = "<group>"; };
		A85A0D472196406A00B826A0 /* AddExistingEventViewController.swift */ = {isa = PBXFileReference; lastKnownFileType = sourcecode.swift; path = AddExistingEventViewController.swift; sourceTree = "<group>"; };
		A86EFB832110D11A006252A0 /* StoryboardSupport.swift */ = {isa = PBXFileReference; fileEncoding = 4; lastKnownFileType = sourcecode.swift; path = StoryboardSupport.swift; sourceTree = "<group>"; };
		A87B7F0321A5638000B70A76 /* EventsListTableViewCell.swift */ = {isa = PBXFileReference; lastKnownFileType = sourcecode.swift; path = EventsListTableViewCell.swift; sourceTree = "<group>"; };
		A87B7F0421A5638000B70A76 /* EventsListTableViewCell.xib */ = {isa = PBXFileReference; lastKnownFileType = file.xib; path = EventsListTableViewCell.xib; sourceTree = "<group>"; };
		A87B7F0821A57D2200B70A76 /* EventsListSectionCollectionViewCell.swift */ = {isa = PBXFileReference; lastKnownFileType = sourcecode.swift; path = EventsListSectionCollectionViewCell.swift; sourceTree = "<group>"; };
		A87B7F0921A57D2200B70A76 /* EventsListSectionCollectionViewCell.xib */ = {isa = PBXFileReference; lastKnownFileType = file.xib; path = EventsListSectionCollectionViewCell.xib; sourceTree = "<group>"; };
		A87C660F218DE3E600AEEF79 /* User.swift */ = {isa = PBXFileReference; lastKnownFileType = sourcecode.swift; path = User.swift; sourceTree = "<group>"; };
		A87C6611218DE49D00AEEF79 /* Constants.swift */ = {isa = PBXFileReference; lastKnownFileType = sourcecode.swift; path = Constants.swift; sourceTree = "<group>"; };
		A87C6613218DE71700AEEF79 /* Helper.swift */ = {isa = PBXFileReference; lastKnownFileType = sourcecode.swift; path = Helper.swift; sourceTree = "<group>"; };
		A87CA5C621B19B4900623F2F /* FriendsViewController.swift */ = {isa = PBXFileReference; lastKnownFileType = sourcecode.swift; path = FriendsViewController.swift; sourceTree = "<group>"; };
		A87CA5CB21B4583E00623F2F /* DistanceChallengeViewController.swift */ = {isa = PBXFileReference; lastKnownFileType = sourcecode.swift; path = DistanceChallengeViewController.swift; sourceTree = "<group>"; };
		A87CA5CF21B4585600623F2F /* DistanceChallenge.storyboard */ = {isa = PBXFileReference; lastKnownFileType = file.storyboard; path = DistanceChallenge.storyboard; sourceTree = "<group>"; };
		A87CA5D221B5557E00623F2F /* FriendsPageController.swift */ = {isa = PBXFileReference; lastKnownFileType = sourcecode.swift; path = FriendsPageController.swift; sourceTree = "<group>"; };
		A87CA5D421B5558F00623F2F /* FriendsPage.storyboard */ = {isa = PBXFileReference; lastKnownFileType = file.storyboard; path = FriendsPage.storyboard; sourceTree = "<group>"; };
		A87CA5D621B5560E00623F2F /* FriendsListViewController.swift */ = {isa = PBXFileReference; lastKnownFileType = sourcecode.swift; path = FriendsListViewController.swift; sourceTree = "<group>"; };
		A87CA5D821B5561A00623F2F /* FriendsList.storyboard */ = {isa = PBXFileReference; lastKnownFileType = file.storyboard; path = FriendsList.storyboard; sourceTree = "<group>"; };
		A87CA5DD21B5647100623F2F /* FriendsListTableViewCell.swift */ = {isa = PBXFileReference; lastKnownFileType = sourcecode.swift; path = FriendsListTableViewCell.swift; sourceTree = "<group>"; };
		A87CA5DE21B5647100623F2F /* FriendsRequestListTableViewCell.xib */ = {isa = PBXFileReference; lastKnownFileType = file.xib; path = FriendsRequestListTableViewCell.xib; sourceTree = "<group>"; };
		A87CA5E121B564E400623F2F /* FriendsListSectionCollectionViewCell.swift */ = {isa = PBXFileReference; lastKnownFileType = sourcecode.swift; path = FriendsListSectionCollectionViewCell.swift; sourceTree = "<group>"; };
		A87CA5E221B564E400623F2F /* FriendsListSectionCollectionViewCell.xib */ = {isa = PBXFileReference; lastKnownFileType = file.xib; path = FriendsListSectionCollectionViewCell.xib; sourceTree = "<group>"; };
		A883C50F21A187C8007ED5C9 /* CreateEvent.storyboard */ = {isa = PBXFileReference; lastKnownFileType = file.storyboard; path = CreateEvent.storyboard; sourceTree = "<group>"; };
		A89C84C421BC425300D14DEF /* AccountNetworkManager.swift */ = {isa = PBXFileReference; lastKnownFileType = sourcecode.swift; path = AccountNetworkManager.swift; sourceTree = "<group>"; };
		A89C84C621BC79B000D14DEF /* RunsNetworkManager.swift */ = {isa = PBXFileReference; lastKnownFileType = sourcecode.swift; path = RunsNetworkManager.swift; sourceTree = "<group>"; };
		A89C84C821BD2FD900D14DEF /* ChallengeNetworkManager.swift */ = {isa = PBXFileReference; lastKnownFileType = sourcecode.swift; path = ChallengeNetworkManager.swift; sourceTree = "<group>"; };
		A89C84CB21BD49CA00D14DEF /* ChallengesLocalRepository.swift */ = {isa = PBXFileReference; lastKnownFileType = sourcecode.swift; path = ChallengesLocalRepository.swift; sourceTree = "<group>"; };
		A89C84CE21BD540600D14DEF /* ChallengeSummaryViewController.swift */ = {isa = PBXFileReference; lastKnownFileType = sourcecode.swift; path = ChallengeSummaryViewController.swift; sourceTree = "<group>"; };
		A89C84D021BD549700D14DEF /* ChallengeSummary.storyboard */ = {isa = PBXFileReference; lastKnownFileType = file.storyboard; path = ChallengeSummary.storyboard; sourceTree = "<group>"; };
		A89C84D321BD67E900D14DEF /* ChallangeSummaryTableViewCell.swift */ = {isa = PBXFileReference; lastKnownFileType = sourcecode.swift; path = ChallangeSummaryTableViewCell.swift; sourceTree = "<group>"; };
		A89C84D421BD67E900D14DEF /* ChallangeSummaryTableViewCell.xib */ = {isa = PBXFileReference; lastKnownFileType = file.xib; path = ChallangeSummaryTableViewCell.xib; sourceTree = "<group>"; };
		A89C84D721BD681300D14DEF /* ChallengeListTitleTableViewCell.swift */ = {isa = PBXFileReference; lastKnownFileType = sourcecode.swift; path = ChallengeListTitleTableViewCell.swift; sourceTree = "<group>"; };
		A89C84D821BD681300D14DEF /* ChallengeListTitleTableViewCell.xib */ = {isa = PBXFileReference; lastKnownFileType = file.xib; path = ChallengeListTitleTableViewCell.xib; sourceTree = "<group>"; };
		A89C84DC21BF255E00D14DEF /* ChallengeListDetailsViewController.swift */ = {isa = PBXFileReference; lastKnownFileType = sourcecode.swift; path = ChallengeListDetailsViewController.swift; sourceTree = "<group>"; };
		A89C84DE21BFF79300D14DEF /* ChallengeList.storyboard */ = {isa = PBXFileReference; lastKnownFileType = file.storyboard; path = ChallengeList.storyboard; sourceTree = "<group>"; };
		A89C84E121BFFC6A00D14DEF /* ChallengeListBaseTableViewCell.swift */ = {isa = PBXFileReference; lastKnownFileType = sourcecode.swift; path = ChallengeListBaseTableViewCell.swift; sourceTree = "<group>"; };
		A89C84E321BFFD4300D14DEF /* ChallengeListMapTableViewCell.swift */ = {isa = PBXFileReference; lastKnownFileType = sourcecode.swift; path = ChallengeListMapTableViewCell.swift; sourceTree = "<group>"; };
		A89C84E421BFFD4300D14DEF /* ChallengeListMapTableViewCell.xib */ = {isa = PBXFileReference; lastKnownFileType = file.xib; path = ChallengeListMapTableViewCell.xib; sourceTree = "<group>"; };
		A89C84E821C00FD000D14DEF /* ChallengeListAuthorTableViewCell.swift */ = {isa = PBXFileReference; lastKnownFileType = sourcecode.swift; path = ChallengeListAuthorTableViewCell.swift; sourceTree = "<group>"; };
		A89C84E921C00FD000D14DEF /* ChallengeListAuthorTableViewCell.xib */ = {isa = PBXFileReference; lastKnownFileType = file.xib; path = ChallengeListAuthorTableViewCell.xib; sourceTree = "<group>"; };
		A89C84EC21C00FEF00D14DEF /* ChallengeListDescriptionTableViewCell.swift */ = {isa = PBXFileReference; lastKnownFileType = sourcecode.swift; path = ChallengeListDescriptionTableViewCell.swift; sourceTree = "<group>"; };
		A89C84ED21C00FEF00D14DEF /* ChallengeListDescriptionTableViewCell.xib */ = {isa = PBXFileReference; lastKnownFileType = file.xib; path = ChallengeListDescriptionTableViewCell.xib; sourceTree = "<group>"; };
		A89C84F021C05B7200D14DEF /* OneRunChallengeViewController.swift */ = {isa = PBXFileReference; lastKnownFileType = sourcecode.swift; path = OneRunChallengeViewController.swift; sourceTree = "<group>"; };
		A89C84F221C05B9C00D14DEF /* OneRun.storyboard */ = {isa = PBXFileReference; lastKnownFileType = file.storyboard; path = OneRun.storyboard; sourceTree = "<group>"; };
		A8A351A521A059AF00CF019D /* FriendsNetworkManager.swift */ = {isa = PBXFileReference; lastKnownFileType = sourcecode.swift; path = FriendsNetworkManager.swift; sourceTree = "<group>"; };
		A8A6242920FE7E41008B21FD /* BaseView.storyboard */ = {isa = PBXFileReference; lastKnownFileType = file.storyboard; path = BaseView.storyboard; sourceTree = "<group>"; };
		A8A6242B20FE8034008B21FD /* BaseViewController.swift */ = {isa = PBXFileReference; lastKnownFileType = sourcecode.swift; path = BaseViewController.swift; sourceTree = "<group>"; };
		A8A6242E20FE8618008B21FD /* DataModel.xcdatamodel */ = {isa = PBXFileReference; lastKnownFileType = wrapper.xcdatamodel; path = DataModel.xcdatamodel; sourceTree = "<group>"; };
		A8CF7E3C218F5BCB00AC433B /* EventsNetworkManager.swift */ = {isa = PBXFileReference; lastKnownFileType = sourcecode.swift; path = EventsNetworkManager.swift; sourceTree = "<group>"; };
		A8DF38E921AA0A8C0011D17D /* NSRegularExpresions.swift */ = {isa = PBXFileReference; lastKnownFileType = sourcecode.swift; path = NSRegularExpresions.swift; sourceTree = "<group>"; };
		A8DF38EC21AC9D6F0011D17D /* EventDetailsViewController.swift */ = {isa = PBXFileReference; lastKnownFileType = sourcecode.swift; path = EventDetailsViewController.swift; sourceTree = "<group>"; };
		A8DF38EE21AC9D7B0011D17D /* EventDetails.storyboard */ = {isa = PBXFileReference; lastKnownFileType = file.storyboard; path = EventDetails.storyboard; sourceTree = "<group>"; };
		A8DF38F521ACA0F40011D17D /* EventDetailsLocationTableViewCell.swift */ = {isa = PBXFileReference; lastKnownFileType = sourcecode.swift; path = EventDetailsLocationTableViewCell.swift; sourceTree = "<group>"; };
		A8DF38F621ACA0F40011D17D /* EventDetailsLocationTableViewCell.xib */ = {isa = PBXFileReference; lastKnownFileType = file.xib; path = EventDetailsLocationTableViewCell.xib; sourceTree = "<group>"; };
		A8DF38F921AD52FB0011D17D /* EventDetailsTitleTableViewCell.swift */ = {isa = PBXFileReference; lastKnownFileType = sourcecode.swift; path = EventDetailsTitleTableViewCell.swift; sourceTree = "<group>"; };
		A8DF38FA21AD52FB0011D17D /* EventDetailsTitleTableViewCell.xib */ = {isa = PBXFileReference; lastKnownFileType = file.xib; path = EventDetailsTitleTableViewCell.xib; sourceTree = "<group>"; };
		A8DF38FD21AD53FE0011D17D /* EventDetailsBaseTableViewCell.swift */ = {isa = PBXFileReference; lastKnownFileType = sourcecode.swift; path = EventDetailsBaseTableViewCell.swift; sourceTree = "<group>"; };
		A8DF38FF21AD57940011D17D /* EventDetailsDateTableViewCell.swift */ = {isa = PBXFileReference; lastKnownFileType = sourcecode.swift; path = EventDetailsDateTableViewCell.swift; sourceTree = "<group>"; };
		A8DF390021AD57940011D17D /* EventDetailsDateTableViewCell.xib */ = {isa = PBXFileReference; lastKnownFileType = file.xib; path = EventDetailsDateTableViewCell.xib; sourceTree = "<group>"; };
		A8DF390321AD5A6E0011D17D /* EventDetailsAuthorAndLocationNameTableViewCell.swift */ = {isa = PBXFileReference; lastKnownFileType = sourcecode.swift; path = EventDetailsAuthorAndLocationNameTableViewCell.swift; sourceTree = "<group>"; };
		A8DF390421AD5A6E0011D17D /* EventDetailsAuthorAndLocationNameTableViewCell.xib */ = {isa = PBXFileReference; lastKnownFileType = file.xib; path = EventDetailsAuthorAndLocationNameTableViewCell.xib; sourceTree = "<group>"; };
		A8DF390821AD5C710011D17D /* EventDetailsDescriptionTableViewCell.swift */ = {isa = PBXFileReference; lastKnownFileType = sourcecode.swift; path = EventDetailsDescriptionTableViewCell.swift; sourceTree = "<group>"; };
		A8DF390921AD5C710011D17D /* EventDetailsDescriptionTableViewCell.xib */ = {isa = PBXFileReference; lastKnownFileType = file.xib; path = EventDetailsDescriptionTableViewCell.xib; sourceTree = "<group>"; };
		A8DF390C21AD5F050011D17D /* Event.swift */ = {isa = PBXFileReference; lastKnownFileType = sourcecode.swift; path = Event.swift; sourceTree = "<group>"; };
		A8EC402021A31FF300968F97 /* LoadingView.swift */ = {isa = PBXFileReference; lastKnownFileType = sourcecode.swift; path = LoadingView.swift; sourceTree = "<group>"; };
		A8EC402221A3203300968F97 /* LoadingView.xib */ = {isa = PBXFileReference; fileEncoding = 4; lastKnownFileType = file.xib; path = LoadingView.xib; sourceTree = "<group>"; };
		A8EC402521A3208E00968F97 /* BaseController.swift */ = {isa = PBXFileReference; lastKnownFileType = sourcecode.swift; path = BaseController.swift; sourceTree = "<group>"; };
		A8F8128920FD23A7001F8D50 /* FrRunner.app */ = {isa = PBXFileReference; explicitFileType = wrapper.application; includeInIndex = 0; path = FrRunner.app; sourceTree = BUILT_PRODUCTS_DIR; };
		A8F8128C20FD23A7001F8D50 /* AppDelegate.swift */ = {isa = PBXFileReference; lastKnownFileType = sourcecode.swift; path = AppDelegate.swift; sourceTree = "<group>"; };
		A8F8129320FD23A8001F8D50 /* Assets.xcassets */ = {isa = PBXFileReference; lastKnownFileType = folder.assetcatalog; path = Assets.xcassets; sourceTree = "<group>"; };
		A8F8129620FD23A8001F8D50 /* Base */ = {isa = PBXFileReference; lastKnownFileType = file.storyboard; name = Base; path = Base.lproj/LaunchScreen.storyboard; sourceTree = "<group>"; };
		A8F8129820FD23A8001F8D50 /* Info.plist */ = {isa = PBXFileReference; lastKnownFileType = text.plist.xml; path = Info.plist; sourceTree = "<group>"; };
		A8F8129E20FD2748001F8D50 /* LoginScreen.storyboard */ = {isa = PBXFileReference; lastKnownFileType = file.storyboard; path = LoginScreen.storyboard; sourceTree = "<group>"; };
		E8775D7C7CE65E4AE91C86A5 /* Pods-FrRunner.debug.xcconfig */ = {isa = PBXFileReference; includeInIndex = 1; lastKnownFileType = text.xcconfig; name = "Pods-FrRunner.debug.xcconfig"; path = "Pods/Target Support Files/Pods-FrRunner/Pods-FrRunner.debug.xcconfig"; sourceTree = "<group>"; };
/* End PBXFileReference section */

/* Begin PBXFrameworksBuildPhase section */
		A8F8128620FD23A7001F8D50 /* Frameworks */ = {
			isa = PBXFrameworksBuildPhase;
			buildActionMask = 2147483647;
			files = (
				C12DFEED1BDB546C1A1CBA14 /* Pods_FrRunner.framework in Frameworks */,
			);
			runOnlyForDeploymentPostprocessing = 0;
		};
/* End PBXFrameworksBuildPhase section */

/* Begin PBXGroup section */
		3C427C4C8D6012C086028EED /* Frameworks */ = {
			isa = PBXGroup;
			children = (
				86E3F4ECD3E5616A16230C88 /* Pods_FrRunner.framework */,
			);
			name = Frameworks;
			sourceTree = "<group>";
		};
		5EA279DD6962D2115E2D578E /* Pods */ = {
			isa = PBXGroup;
			children = (
				E8775D7C7CE65E4AE91C86A5 /* Pods-FrRunner.debug.xcconfig */,
				28F2D07DE3985672BED3BE74 /* Pods-FrRunner.release.xcconfig */,
			);
			name = Pods;
			sourceTree = "<group>";
		};
		A80A4F5F2123592500359EB0 /* History */ = {
			isa = PBXGroup;
			children = (
				A80A4F6221235E7400359EB0 /* Cell */,
				A80A4F602123593F00359EB0 /* RunsHistoryViewController.swift */,
			);
			path = History;
			sourceTree = "<group>";
		};
		A80A4F6221235E7400359EB0 /* Cell */ = {
			isa = PBXGroup;
			children = (
				A80A4F6321235E9800359EB0 /* RunsHistoryTableViewCell.swift */,
			);
			path = Cell;
			sourceTree = "<group>";
		};
		A80A4F652125AB4C00359EB0 /* Events */ = {
			isa = PBXGroup;
			children = (
				A8DF38EB21AC9D590011D17D /* Details */,
				A85A0D4421963E9B00B826A0 /* AddExistingEvent */,
				A80A8679214D8F29003057C1 /* CreateEvent */,
				A80A867A214D8F34003057C1 /* List */,
			);
			path = Events;
			sourceTree = "<group>";
		};
		A80A8679214D8F29003057C1 /* CreateEvent */ = {
			isa = PBXGroup;
			children = (
				A80A867B214D9051003057C1 /* CreateEventViewController.swift */,
				A883C50F21A187C8007ED5C9 /* CreateEvent.storyboard */,
				A80A867D214D91AC003057C1 /* ChooseLocationViewController.swift */,
				A807CFF22157ADE2007A5468 /* ChooseLocation.storyboard */,
			);
			path = CreateEvent;
			sourceTree = "<group>";
		};
		A80A867A214D8F34003057C1 /* List */ = {
			isa = PBXGroup;
			children = (
				A87B7F0721A57CF600B70A76 /* Sections */,
				A87B7F0221A5636000B70A76 /* Cell */,
				A8024D3B21A379DB00034F63 /* EventListViewController.swift */,
				A8024D3D21A37A6C00034F63 /* EventList.storyboard */,
				A8024D3F21A4555400034F63 /* EventPageController.swift */,
				A8024D4121A455C300034F63 /* EventPage.storyboard */,
			);
			path = List;
			sourceTree = "<group>";
		};
		A81098FA21B58EC4002CC529 /* Menu */ = {
			isa = PBXGroup;
			children = (
				A81098FB21B58EE5002CC529 /* FriendMenuViewController.swift */,
				A81098FD21B59037002CC529 /* SocialMenu.storyboard */,
			);
			path = Menu;
			sourceTree = "<group>";
		};
		A8156D7E20FFCC04005A922D /* Run */ = {
			isa = PBXGroup;
			children = (
				A8156D7F20FFCC24005A922D /* NewRunViewController.swift */,
				A8156D8120FFD463005A922D /* RunDetailsViewController.swift */,
			);
			path = Run;
			sourceTree = "<group>";
		};
		A816D776211730FD00246F37 /* Converter */ = {
			isa = PBXGroup;
			children = (
				A816D7772117311900246F37 /* UnitConverter.swift */,
				A816D7792117322000246F37 /* FormatDisplay.swift */,
			);
			path = Converter;
			sourceTree = "<group>";
		};
		A816D77B211732AE00246F37 /* Locations */ = {
			isa = PBXGroup;
			children = (
				A816D77C211732C200246F37 /* LocationManager.swift */,
			);
			path = Locations;
			sourceTree = "<group>";
		};
		A85A0D4421963E9B00B826A0 /* AddExistingEvent */ = {
			isa = PBXGroup;
			children = (
				A85A0D472196406A00B826A0 /* AddExistingEventViewController.swift */,
				A85A0D4521963FC700B826A0 /* AddExistingEvent.storyboard */,
			);
			path = AddExistingEvent;
			sourceTree = "<group>";
		};
		A86EFB822110D108006252A0 /* SupportingFiles */ = {
			isa = PBXGroup;
			children = (
				A86EFB832110D11A006252A0 /* StoryboardSupport.swift */,
				A87C6613218DE71700AEEF79 /* Helper.swift */,
			);
			path = SupportingFiles;
			sourceTree = "<group>";
		};
		A87B7F0221A5636000B70A76 /* Cell */ = {
			isa = PBXGroup;
			children = (
				A87B7F0321A5638000B70A76 /* EventsListTableViewCell.swift */,
				A87B7F0421A5638000B70A76 /* EventsListTableViewCell.xib */,
			);
			path = Cell;
			sourceTree = "<group>";
		};
		A87B7F0721A57CF600B70A76 /* Sections */ = {
			isa = PBXGroup;
			children = (
				A87B7F0821A57D2200B70A76 /* EventsListSectionCollectionViewCell.swift */,
				A87B7F0921A57D2200B70A76 /* EventsListSectionCollectionViewCell.xib */,
			);
			path = Sections;
			sourceTree = "<group>";
		};
		A87C660E218DE3AB00AEEF79 /* Models */ = {
			isa = PBXGroup;
			children = (
				A87C660F218DE3E600AEEF79 /* User.swift */,
				A87C6611218DE49D00AEEF79 /* Constants.swift */,
				A8DF390C21AD5F050011D17D /* Event.swift */,
			);
			path = Models;
			sourceTree = "<group>";
		};
		A87CA5C521B19B2C00623F2F /* Friends */ = {
			isa = PBXGroup;
			children = (
				A81098FA21B58EC4002CC529 /* Menu */,
				A87CA5DA21B5566300623F2F /* List */,
			);
			path = Friends;
			sourceTree = "<group>";
		};
		A87CA5C821B4581400623F2F /* Challenges */ = {
			isa = PBXGroup;
			children = (
				A89C84CD21BD53CC00D14DEF /* Summary */,
				A87CA5CA21B4582500623F2F /* LongChallenge */,
				A87CA5C921B4581B00623F2F /* OneRunChallene */,
			);
			path = Challenges;
			sourceTree = "<group>";
		};
		A87CA5C921B4581B00623F2F /* OneRunChallene */ = {
			isa = PBXGroup;
			children = (
				A89C84F021C05B7200D14DEF /* OneRunChallengeViewController.swift */,
				A89C84F221C05B9C00D14DEF /* OneRun.storyboard */,
			);
			path = OneRunChallene;
			sourceTree = "<group>";
		};
		A87CA5CA21B4582500623F2F /* LongChallenge */ = {
			isa = PBXGroup;
			children = (
				A87CA5CB21B4583E00623F2F /* DistanceChallengeViewController.swift */,
				A87CA5CF21B4585600623F2F /* DistanceChallenge.storyboard */,
			);
			path = LongChallenge;
			sourceTree = "<group>";
		};
		A87CA5D121B5556500623F2F /* Friends */ = {
			isa = PBXGroup;
			children = (
			);
			path = Friends;
			sourceTree = "<group>";
		};
		A87CA5DA21B5566300623F2F /* List */ = {
			isa = PBXGroup;
			children = (
				A87CA5DB21B5643900623F2F /* Section */,
				A87CA5DC21B5643E00623F2F /* Cell */,
				A87CA5D221B5557E00623F2F /* FriendsPageController.swift */,
				A87CA5D421B5558F00623F2F /* FriendsPage.storyboard */,
				A87CA5D621B5560E00623F2F /* FriendsListViewController.swift */,
				A87CA5D821B5561A00623F2F /* FriendsList.storyboard */,
				A87CA5C621B19B4900623F2F /* FriendsViewController.swift */,
			);
			path = List;
			sourceTree = "<group>";
		};
		A87CA5DB21B5643900623F2F /* Section */ = {
			isa = PBXGroup;
			children = (
				A87CA5E121B564E400623F2F /* FriendsListSectionCollectionViewCell.swift */,
				A87CA5E221B564E400623F2F /* FriendsListSectionCollectionViewCell.xib */,
			);
			path = Section;
			sourceTree = "<group>";
		};
		A87CA5DC21B5643E00623F2F /* Cell */ = {
			isa = PBXGroup;
			children = (
				A87CA5DD21B5647100623F2F /* FriendsListTableViewCell.swift */,
				A87CA5DE21B5647100623F2F /* FriendsRequestListTableViewCell.xib */,
			);
			path = Cell;
			sourceTree = "<group>";
		};
		A89C84CA21BD49A100D14DEF /* LocalRepository */ = {
			isa = PBXGroup;
			children = (
				A89C84CB21BD49CA00D14DEF /* ChallengesLocalRepository.swift */,
			);
			path = LocalRepository;
			sourceTree = "<group>";
		};
		A89C84CD21BD53CC00D14DEF /* Summary */ = {
			isa = PBXGroup;
			children = (
				A89C84DB21BF253000D14DEF /* Details */,
				A89C84D221BD67AF00D14DEF /* Cells */,
				A89C84CE21BD540600D14DEF /* ChallengeSummaryViewController.swift */,
				A89C84D021BD549700D14DEF /* ChallengeSummary.storyboard */,
			);
			path = Summary;
			sourceTree = "<group>";
		};
		A89C84D221BD67AF00D14DEF /* Cells */ = {
			isa = PBXGroup;
			children = (
			);
			path = Cells;
			sourceTree = "<group>";
		};
		A89C84DB21BF253000D14DEF /* Details */ = {
			isa = PBXGroup;
			children = (
				A89C84E721BFFE4700D14DEF /* Cells */,
				A89C84DC21BF255E00D14DEF /* ChallengeListDetailsViewController.swift */,
				A89C84DE21BFF79300D14DEF /* ChallengeList.storyboard */,
			);
			path = Details;
			sourceTree = "<group>";
		};
		A89C84E021BFFC4400D14DEF /* Base */ = {
			isa = PBXGroup;
			children = (
				A89C84E121BFFC6A00D14DEF /* ChallengeListBaseTableViewCell.swift */,
			);
			path = Base;
			sourceTree = "<group>";
		};
		A89C84E721BFFE4700D14DEF /* Cells */ = {
			isa = PBXGroup;
			children = (
				A89C84E021BFFC4400D14DEF /* Base */,
				A89C84E321BFFD4300D14DEF /* ChallengeListMapTableViewCell.swift */,
				A89C84E421BFFD4300D14DEF /* ChallengeListMapTableViewCell.xib */,
				A89C84D721BD681300D14DEF /* ChallengeListTitleTableViewCell.swift */,
				A89C84D821BD681300D14DEF /* ChallengeListTitleTableViewCell.xib */,
				A89C84E821C00FD000D14DEF /* ChallengeListAuthorTableViewCell.swift */,
				A89C84E921C00FD000D14DEF /* ChallengeListAuthorTableViewCell.xib */,
				A89C84EC21C00FEF00D14DEF /* ChallengeListDescriptionTableViewCell.swift */,
				A89C84ED21C00FEF00D14DEF /* ChallengeListDescriptionTableViewCell.xib */,
				A89C84D321BD67E900D14DEF /* ChallangeSummaryTableViewCell.swift */,
				A89C84D421BD67E900D14DEF /* ChallangeSummaryTableViewCell.xib */,
			);
			path = Cells;
			sourceTree = "<group>";
		};
		A8A6242820FE7E24008B21FD /* Base */ = {
			isa = PBXGroup;
			children = (
				A8A6242920FE7E41008B21FD /* BaseView.storyboard */,
				A8A6242B20FE8034008B21FD /* BaseViewController.swift */,
			);
			path = Base;
			sourceTree = "<group>";
		};
		A8CF7E3B218F5BB500AC433B /* Network */ = {
			isa = PBXGroup;
			children = (
				A8CF7E3C218F5BCB00AC433B /* EventsNetworkManager.swift */,
				A8A351A521A059AF00CF019D /* FriendsNetworkManager.swift */,
				A89C84C421BC425300D14DEF /* AccountNetworkManager.swift */,
				A89C84C621BC79B000D14DEF /* RunsNetworkManager.swift */,
				A89C84C821BD2FD900D14DEF /* ChallengeNetworkManager.swift */,
			);
			path = Network;
			sourceTree = "<group>";
		};
		A8DF38E821AA0A740011D17D /* Extensions */ = {
			isa = PBXGroup;
			children = (
				A8DF38E921AA0A8C0011D17D /* NSRegularExpresions.swift */,
			);
			path = Extensions;
			sourceTree = "<group>";
		};
		A8DF38EB21AC9D590011D17D /* Details */ = {
			isa = PBXGroup;
			children = (
				A8DF38F021ACA0510011D17D /* Cells */,
				A8DF38EC21AC9D6F0011D17D /* EventDetailsViewController.swift */,
				A8DF38EE21AC9D7B0011D17D /* EventDetails.storyboard */,
			);
			path = Details;
			sourceTree = "<group>";
		};
		A8DF38F021ACA0510011D17D /* Cells */ = {
			isa = PBXGroup;
			children = (
				A8DF390721AD5A900011D17D /* Base */,
				A8DF390321AD5A6E0011D17D /* EventDetailsAuthorAndLocationNameTableViewCell.swift */,
				A8DF390421AD5A6E0011D17D /* EventDetailsAuthorAndLocationNameTableViewCell.xib */,
				A8DF38FF21AD57940011D17D /* EventDetailsDateTableViewCell.swift */,
				A8DF390021AD57940011D17D /* EventDetailsDateTableViewCell.xib */,
				A8DF38F521ACA0F40011D17D /* EventDetailsLocationTableViewCell.swift */,
				A8DF38F621ACA0F40011D17D /* EventDetailsLocationTableViewCell.xib */,
				A8DF38F921AD52FB0011D17D /* EventDetailsTitleTableViewCell.swift */,
				A8DF38FA21AD52FB0011D17D /* EventDetailsTitleTableViewCell.xib */,
				A8DF390821AD5C710011D17D /* EventDetailsDescriptionTableViewCell.swift */,
				A8DF390921AD5C710011D17D /* EventDetailsDescriptionTableViewCell.xib */,
			);
			path = Cells;
			sourceTree = "<group>";
		};
		A8DF390721AD5A900011D17D /* Base */ = {
			isa = PBXGroup;
			children = (
				A8DF38FD21AD53FE0011D17D /* EventDetailsBaseTableViewCell.swift */,
			);
			path = Base;
			sourceTree = "<group>";
		};
		A8EC401F21A31FE200968F97 /* Tools */ = {
			isa = PBXGroup;
			children = (
				A8DF38E821AA0A740011D17D /* Extensions */,
				A8EC402021A31FF300968F97 /* LoadingView.swift */,
				A8EC402221A3203300968F97 /* LoadingView.xib */,
			);
			path = Tools;
			sourceTree = "<group>";
		};
		A8EC402421A3205600968F97 /* BaseView */ = {
			isa = PBXGroup;
			children = (
				A8EC402521A3208E00968F97 /* BaseController.swift */,
			);
			name = BaseView;
			path = "New Group";
			sourceTree = "<group>";
		};
		A8F8128020FD23A7001F8D50 = {
			isa = PBXGroup;
			children = (
				A8A6242D20FE8618008B21FD /* FrRunner.xcdatamodeld */,
				A8F8128B20FD23A7001F8D50 /* FrRunner */,
				A8F8128A20FD23A7001F8D50 /* Products */,
				5EA279DD6962D2115E2D578E /* Pods */,
				3C427C4C8D6012C086028EED /* Frameworks */,
			);
			sourceTree = "<group>";
		};
		A8F8128A20FD23A7001F8D50 /* Products */ = {
			isa = PBXGroup;
			children = (
				A8F8128920FD23A7001F8D50 /* FrRunner.app */,
			);
			name = Products;
			sourceTree = "<group>";
		};
		A8F8128B20FD23A7001F8D50 /* FrRunner */ = {
			isa = PBXGroup;
			children = (
				A89C84CA21BD49A100D14DEF /* LocalRepository */,
				A87CA5D121B5556500623F2F /* Friends */,
				A8EC401F21A31FE200968F97 /* Tools */,
				A8CF7E3B218F5BB500AC433B /* Network */,
				A87C660E218DE3AB00AEEF79 /* Models */,
				A86EFB822110D108006252A0 /* SupportingFiles */,
				A8F812A220FD2844001F8D50 /* Functionalities */,
				A8F812A120FD2826001F8D50 /* CoreData */,
				A8F812A020FD280C001F8D50 /* Main */,
				A8F8128C20FD23A7001F8D50 /* AppDelegate.swift */,
				A80A4F662125B50800359EB0 /* GoogleService-Info.plist */,
				A8F8129320FD23A8001F8D50 /* Assets.xcassets */,
				A8F8129820FD23A8001F8D50 /* Info.plist */,
			);
			path = FrRunner;
			sourceTree = "<group>";
		};
		A8F812A020FD280C001F8D50 /* Main */ = {
			isa = PBXGroup;
			children = (
				A8F8129520FD23A8001F8D50 /* LaunchScreen.storyboard */,
			);
			path = Main;
			sourceTree = "<group>";
		};
		A8F812A120FD2826001F8D50 /* CoreData */ = {
			isa = PBXGroup;
			children = (
				A816D77E2121A78C00246F37 /* CoreDataStack.swift */,
			);
			path = CoreData;
			sourceTree = "<group>";
		};
		A8F812A220FD2844001F8D50 /* Functionalities */ = {
			isa = PBXGroup;
			children = (
				A87CA5C821B4581400623F2F /* Challenges */,
				A87CA5C521B19B2C00623F2F /* Friends */,
				A8EC402421A3205600968F97 /* BaseView */,
				A80A4F652125AB4C00359EB0 /* Events */,
				A80A4F5F2123592500359EB0 /* History */,
				A816D77B211732AE00246F37 /* Locations */,
				A816D776211730FD00246F37 /* Converter */,
				A8156D7E20FFCC04005A922D /* Run */,
				A8A6242820FE7E24008B21FD /* Base */,
				A8F812A320FD2851001F8D50 /* Login&SignUp */,
			);
			path = Functionalities;
			sourceTree = "<group>";
		};
		A8F812A320FD2851001F8D50 /* Login&SignUp */ = {
			isa = PBXGroup;
			children = (
				A8F8129E20FD2748001F8D50 /* LoginScreen.storyboard */,
				A816269220FD34F8006F09FE /* LoginScreenViewController.swift */,
				A80A4F682125C54400359EB0 /* SignUpViewController.swift */,
			);
			path = "Login&SignUp";
			sourceTree = "<group>";
		};
/* End PBXGroup section */

/* Begin PBXNativeTarget section */
		A8F8128820FD23A7001F8D50 /* FrRunner */ = {
			isa = PBXNativeTarget;
			buildConfigurationList = A8F8129B20FD23A8001F8D50 /* Build configuration list for PBXNativeTarget "FrRunner" */;
			buildPhases = (
				872EAE33A8875E54E8FCF9EA /* [CP] Check Pods Manifest.lock */,
				A8F8128520FD23A7001F8D50 /* Sources */,
				A8F8128620FD23A7001F8D50 /* Frameworks */,
				A8F8128720FD23A7001F8D50 /* Resources */,
				9B340DEB7AF3C59FF1321732 /* [CP] Embed Pods Frameworks */,
			);
			buildRules = (
			);
			dependencies = (
			);
			name = FrRunner;
			productName = FrRunner;
			productReference = A8F8128920FD23A7001F8D50 /* FrRunner.app */;
			productType = "com.apple.product-type.application";
		};
/* End PBXNativeTarget section */

/* Begin PBXProject section */
		A8F8128120FD23A7001F8D50 /* Project object */ = {
			isa = PBXProject;
			attributes = {
				LastSwiftUpdateCheck = 0940;
				LastUpgradeCheck = 0940;
				ORGANIZATIONNAME = "Jakub Kołodziej";
				TargetAttributes = {
					A8F8128820FD23A7001F8D50 = {
						CreatedOnToolsVersion = 9.4.1;
						LastSwiftMigration = 1000;
						SystemCapabilities = {
							com.apple.BackgroundModes = {
								enabled = 1;
							};
						};
					};
				};
			};
			buildConfigurationList = A8F8128420FD23A7001F8D50 /* Build configuration list for PBXProject "FrRunner" */;
			compatibilityVersion = "Xcode 9.3";
			developmentRegion = en;
			hasScannedForEncodings = 0;
			knownRegions = (
				en,
				Base,
			);
			mainGroup = A8F8128020FD23A7001F8D50;
			productRefGroup = A8F8128A20FD23A7001F8D50 /* Products */;
			projectDirPath = "";
			projectRoot = "";
			targets = (
				A8F8128820FD23A7001F8D50 /* FrRunner */,
			);
		};
/* End PBXProject section */

/* Begin PBXResourcesBuildPhase section */
		A8F8128720FD23A7001F8D50 /* Resources */ = {
			isa = PBXResourcesBuildPhase;
			buildActionMask = 2147483647;
			files = (
				A89C84EF21C00FEF00D14DEF /* ChallengeListDescriptionTableViewCell.xib in Resources */,
				A8DF38FC21AD52FB0011D17D /* EventDetailsTitleTableViewCell.xib in Resources */,
				A8DF38EF21AC9D7B0011D17D /* EventDetails.storyboard in Resources */,
				A87B7F0B21A57D2200B70A76 /* EventsListSectionCollectionViewCell.xib in Resources */,
				A807CFF32157ADE2007A5468 /* ChooseLocation.storyboard in Resources */,
				A8F8129720FD23A8001F8D50 /* LaunchScreen.storyboard in Resources */,
				A8DF390B21AD5C710011D17D /* EventDetailsDescriptionTableViewCell.xib in Resources */,
				A8024D4221A455C300034F63 /* EventPage.storyboard in Resources */,
				A8F8129420FD23A8001F8D50 /* Assets.xcassets in Resources */,
				A89C84F321C05B9C00D14DEF /* OneRun.storyboard in Resources */,
				A87CA5E021B5647100623F2F /* FriendsRequestListTableViewCell.xib in Resources */,
				A89C84D621BD67E900D14DEF /* ChallangeSummaryTableViewCell.xib in Resources */,
				A87CA5D921B5561A00623F2F /* FriendsList.storyboard in Resources */,
				A81098FE21B59037002CC529 /* SocialMenu.storyboard in Resources */,
				A89C84E621BFFD4300D14DEF /* ChallengeListMapTableViewCell.xib in Resources */,
				A87B7F0621A5638000B70A76 /* EventsListTableViewCell.xib in Resources */,
				A89C84DA21BD681300D14DEF /* ChallengeListTitleTableViewCell.xib in Resources */,
				A89C84EB21C00FD100D14DEF /* ChallengeListAuthorTableViewCell.xib in Resources */,
				A87CA5D021B4585600623F2F /* DistanceChallenge.storyboard in Resources */,
				A8024D3E21A37A6C00034F63 /* EventList.storyboard in Resources */,
				A883C51021A187C8007ED5C9 /* CreateEvent.storyboard in Resources */,
				A8DF390221AD57940011D17D /* EventDetailsDateTableViewCell.xib in Resources */,
				A8DF38F821ACA0F40011D17D /* EventDetailsLocationTableViewCell.xib in Resources */,
				A80A4F672125B50800359EB0 /* GoogleService-Info.plist in Resources */,
				A87CA5D521B5558F00623F2F /* FriendsPage.storyboard in Resources */,
				A89C84D121BD549700D14DEF /* ChallengeSummary.storyboard in Resources */,
				A8A6242A20FE7E41008B21FD /* BaseView.storyboard in Resources */,
				A8DF390621AD5A6E0011D17D /* EventDetailsAuthorAndLocationNameTableViewCell.xib in Resources */,
				A89C84DF21BFF79300D14DEF /* ChallengeList.storyboard in Resources */,
				A87CA5E421B564E400623F2F /* FriendsListSectionCollectionViewCell.xib in Resources */,
				A8EC402321A3203300968F97 /* LoadingView.xib in Resources */,
				A8F8129F20FD2748001F8D50 /* LoginScreen.storyboard in Resources */,
				A85A0D4621963FC700B826A0 /* AddExistingEvent.storyboard in Resources */,
			);
			runOnlyForDeploymentPostprocessing = 0;
		};
/* End PBXResourcesBuildPhase section */

/* Begin PBXShellScriptBuildPhase section */
		872EAE33A8875E54E8FCF9EA /* [CP] Check Pods Manifest.lock */ = {
			isa = PBXShellScriptBuildPhase;
			buildActionMask = 2147483647;
			files = (
			);
			inputPaths = (
				"${PODS_PODFILE_DIR_PATH}/Podfile.lock",
				"${PODS_ROOT}/Manifest.lock",
			);
			name = "[CP] Check Pods Manifest.lock";
			outputPaths = (
				"$(DERIVED_FILE_DIR)/Pods-FrRunner-checkManifestLockResult.txt",
			);
			runOnlyForDeploymentPostprocessing = 0;
			shellPath = /bin/sh;
			shellScript = "diff \"${PODS_PODFILE_DIR_PATH}/Podfile.lock\" \"${PODS_ROOT}/Manifest.lock\" > /dev/null\nif [ $? != 0 ] ; then\n    # print error to STDERR\n    echo \"error: The sandbox is not in sync with the Podfile.lock. Run 'pod install' or update your CocoaPods installation.\" >&2\n    exit 1\nfi\n# This output is used by Xcode 'outputs' to avoid re-running this script phase.\necho \"SUCCESS\" > \"${SCRIPT_OUTPUT_FILE_0}\"\n";
			showEnvVarsInLog = 0;
		};
		9B340DEB7AF3C59FF1321732 /* [CP] Embed Pods Frameworks */ = {
			isa = PBXShellScriptBuildPhase;
			buildActionMask = 2147483647;
			files = (
			);
			inputPaths = (
				"${SRCROOT}/Pods/Target Support Files/Pods-FrRunner/Pods-FrRunner-frameworks.sh",
				"${BUILT_PRODUCTS_DIR}/Alamofire/Alamofire.framework",
				"${BUILT_PRODUCTS_DIR}/GTMSessionFetcher/GTMSessionFetcher.framework",
				"${BUILT_PRODUCTS_DIR}/GoogleUtilities/GoogleUtilities.framework",
				"${BUILT_PRODUCTS_DIR}/leveldb-library/leveldb.framework",
				"${BUILT_PRODUCTS_DIR}/nanopb/nanopb.framework",
			);
			name = "[CP] Embed Pods Frameworks";
			outputPaths = (
				"${TARGET_BUILD_DIR}/${FRAMEWORKS_FOLDER_PATH}/Alamofire.framework",
				"${TARGET_BUILD_DIR}/${FRAMEWORKS_FOLDER_PATH}/GTMSessionFetcher.framework",
				"${TARGET_BUILD_DIR}/${FRAMEWORKS_FOLDER_PATH}/GoogleUtilities.framework",
				"${TARGET_BUILD_DIR}/${FRAMEWORKS_FOLDER_PATH}/leveldb.framework",
				"${TARGET_BUILD_DIR}/${FRAMEWORKS_FOLDER_PATH}/nanopb.framework",
			);
			runOnlyForDeploymentPostprocessing = 0;
			shellPath = /bin/sh;
			shellScript = "\"${SRCROOT}/Pods/Target Support Files/Pods-FrRunner/Pods-FrRunner-frameworks.sh\"\n";
			showEnvVarsInLog = 0;
		};
/* End PBXShellScriptBuildPhase section */

/* Begin PBXSourcesBuildPhase section */
		A8F8128520FD23A7001F8D50 /* Sources */ = {
			isa = PBXSourcesBuildPhase;
			buildActionMask = 2147483647;
			files = (
				A8156D8020FFCC24005A922D /* NewRunViewController.swift in Sources */,
				A80A867C214D9051003057C1 /* CreateEventViewController.swift in Sources */,
				A89C84E521BFFD4300D14DEF /* ChallengeListMapTableViewCell.swift in Sources */,
				A87CA5CD21B4583E00623F2F /* DistanceChallengeViewController.swift in Sources */,
				A89C84DD21BF255E00D14DEF /* ChallengeListDetailsViewController.swift in Sources */,
				A85A0D482196406A00B826A0 /* AddExistingEventViewController.swift in Sources */,
				A816D77D211732C200246F37 /* LocationManager.swift in Sources */,
				A81098FC21B58EE5002CC529 /* FriendMenuViewController.swift in Sources */,
				A89C84D521BD67E900D14DEF /* ChallangeSummaryTableViewCell.swift in Sources */,
				A8A6242C20FE8034008B21FD /* BaseViewController.swift in Sources */,
				A89C84D921BD681300D14DEF /* ChallengeListTitleTableViewCell.swift in Sources */,
				A8DF38FE21AD53FE0011D17D /* EventDetailsBaseTableViewCell.swift in Sources */,
				A8024D4021A4555400034F63 /* EventPageController.swift in Sources */,
				A89C84E221BFFC6A00D14DEF /* ChallengeListBaseTableViewCell.swift in Sources */,
				A8DF38F721ACA0F40011D17D /* EventDetailsLocationTableViewCell.swift in Sources */,
				A8DF390521AD5A6E0011D17D /* EventDetailsAuthorAndLocationNameTableViewCell.swift in Sources */,
				A8DF38ED21AC9D6F0011D17D /* EventDetailsViewController.swift in Sources */,
				A8024D3C21A379DB00034F63 /* EventListViewController.swift in Sources */,
				A80A4F6421235E9800359EB0 /* RunsHistoryTableViewCell.swift in Sources */,
				A8156D8220FFD463005A922D /* RunDetailsViewController.swift in Sources */,
				A8F8128D20FD23A7001F8D50 /* AppDelegate.swift in Sources */,
				A8DF38FB21AD52FB0011D17D /* EventDetailsTitleTableViewCell.swift in Sources */,
				A87C6610218DE3E600AEEF79 /* User.swift in Sources */,
				A8DF390D21AD5F050011D17D /* Event.swift in Sources */,
				A87CA5D321B5557E00623F2F /* FriendsPageController.swift in Sources */,
				A89C84C721BC79B000D14DEF /* RunsNetworkManager.swift in Sources */,
				A87C6614218DE71700AEEF79 /* Helper.swift in Sources */,
				A8DF38EA21AA0A8C0011D17D /* NSRegularExpresions.swift in Sources */,
				A816D77F2121A78C00246F37 /* CoreDataStack.swift in Sources */,
				A87CA5D721B5560E00623F2F /* FriendsListViewController.swift in Sources */,
				A80A4F692125C54400359EB0 /* SignUpViewController.swift in Sources */,
				A8CF7E3D218F5BCB00AC433B /* EventsNetworkManager.swift in Sources */,
				A80A4F612123593F00359EB0 /* RunsHistoryViewController.swift in Sources */,
				A816269320FD34F8006F09FE /* LoginScreenViewController.swift in Sources */,
				A87B7F0A21A57D2200B70A76 /* EventsListSectionCollectionViewCell.swift in Sources */,
				A816D77A2117322000246F37 /* FormatDisplay.swift in Sources */,
				A8A351A621A059AF00CF019D /* FriendsNetworkManager.swift in Sources */,
				A816D7782117311900246F37 /* UnitConverter.swift in Sources */,
				A89C84C921BD2FDA00D14DEF /* ChallengeNetworkManager.swift in Sources */,
				A87CA5E321B564E400623F2F /* FriendsListSectionCollectionViewCell.swift in Sources */,
				A80A867E214D91AC003057C1 /* ChooseLocationViewController.swift in Sources */,
				A89C84C521BC425300D14DEF /* AccountNetworkManager.swift in Sources */,
				A89C84EA21C00FD000D14DEF /* ChallengeListAuthorTableViewCell.swift in Sources */,
				A8DF390121AD57940011D17D /* EventDetailsDateTableViewCell.swift in Sources */,
				A89C84EE21C00FEF00D14DEF /* ChallengeListDescriptionTableViewCell.swift in Sources */,
				A87CA5DF21B5647100623F2F /* FriendsListTableViewCell.swift in Sources */,
				A87B7F0521A5638000B70A76 /* EventsListTableViewCell.swift in Sources */,
				A86EFB842110D11A006252A0 /* StoryboardSupport.swift in Sources */,
				A87CA5C721B19B4900623F2F /* FriendsViewController.swift in Sources */,
				A80A867F214D92AB003057C1 /* FrRunner.xcdatamodeld in Sources */,
				A89C84CC21BD49CA00D14DEF /* ChallengesLocalRepository.swift in Sources */,
				A8DF390A21AD5C710011D17D /* EventDetailsDescriptionTableViewCell.swift in Sources */,
				A87C6612218DE49D00AEEF79 /* Constants.swift in Sources */,
				A8EC402621A3208E00968F97 /* BaseController.swift in Sources */,
				A89C84F121C05B7200D14DEF /* OneRunChallengeViewController.swift in Sources */,
				A8EC402121A31FF300968F97 /* LoadingView.swift in Sources */,
				A89C84CF21BD540600D14DEF /* ChallengeSummaryViewController.swift in Sources */,
			);
			runOnlyForDeploymentPostprocessing = 0;
		};
/* End PBXSourcesBuildPhase section */

/* Begin PBXVariantGroup section */
		A8F8129520FD23A8001F8D50 /* LaunchScreen.storyboard */ = {
			isa = PBXVariantGroup;
			children = (
				A8F8129620FD23A8001F8D50 /* Base */,
			);
			name = LaunchScreen.storyboard;
			sourceTree = "<group>";
		};
/* End PBXVariantGroup section */

/* Begin XCBuildConfiguration section */
		A8F8129920FD23A8001F8D50 /* Debug */ = {
			isa = XCBuildConfiguration;
			buildSettings = {
				ALWAYS_SEARCH_USER_PATHS = NO;
				CLANG_ANALYZER_NONNULL = YES;
				CLANG_ANALYZER_NUMBER_OBJECT_CONVERSION = YES_AGGRESSIVE;
				CLANG_CXX_LANGUAGE_STANDARD = "gnu++14";
				CLANG_CXX_LIBRARY = "libc++";
				CLANG_ENABLE_MODULES = YES;
				CLANG_ENABLE_OBJC_ARC = YES;
				CLANG_ENABLE_OBJC_WEAK = YES;
				CLANG_WARN_BLOCK_CAPTURE_AUTORELEASING = YES;
				CLANG_WARN_BOOL_CONVERSION = YES;
				CLANG_WARN_COMMA = YES;
				CLANG_WARN_CONSTANT_CONVERSION = YES;
				CLANG_WARN_DEPRECATED_OBJC_IMPLEMENTATIONS = YES;
				CLANG_WARN_DIRECT_OBJC_ISA_USAGE = YES_ERROR;
				CLANG_WARN_DOCUMENTATION_COMMENTS = YES;
				CLANG_WARN_EMPTY_BODY = YES;
				CLANG_WARN_ENUM_CONVERSION = YES;
				CLANG_WARN_INFINITE_RECURSION = YES;
				CLANG_WARN_INT_CONVERSION = YES;
				CLANG_WARN_NON_LITERAL_NULL_CONVERSION = YES;
				CLANG_WARN_OBJC_IMPLICIT_RETAIN_SELF = YES;
				CLANG_WARN_OBJC_LITERAL_CONVERSION = YES;
				CLANG_WARN_OBJC_ROOT_CLASS = YES_ERROR;
				CLANG_WARN_RANGE_LOOP_ANALYSIS = YES;
				CLANG_WARN_STRICT_PROTOTYPES = YES;
				CLANG_WARN_SUSPICIOUS_MOVE = YES;
				CLANG_WARN_UNGUARDED_AVAILABILITY = YES_AGGRESSIVE;
				CLANG_WARN_UNREACHABLE_CODE = YES;
				CLANG_WARN__DUPLICATE_METHOD_MATCH = YES;
				CODE_SIGN_IDENTITY = "iPhone Developer";
				COPY_PHASE_STRIP = NO;
				DEBUG_INFORMATION_FORMAT = dwarf;
				ENABLE_STRICT_OBJC_MSGSEND = YES;
				ENABLE_TESTABILITY = YES;
				GCC_C_LANGUAGE_STANDARD = gnu11;
				GCC_DYNAMIC_NO_PIC = NO;
				GCC_NO_COMMON_BLOCKS = YES;
				GCC_OPTIMIZATION_LEVEL = 0;
				GCC_PREPROCESSOR_DEFINITIONS = (
					"DEBUG=1",
					"$(inherited)",
				);
				GCC_WARN_64_TO_32_BIT_CONVERSION = YES;
				GCC_WARN_ABOUT_RETURN_TYPE = YES_ERROR;
				GCC_WARN_UNDECLARED_SELECTOR = YES;
				GCC_WARN_UNINITIALIZED_AUTOS = YES_AGGRESSIVE;
				GCC_WARN_UNUSED_FUNCTION = YES;
				GCC_WARN_UNUSED_VARIABLE = YES;
				IPHONEOS_DEPLOYMENT_TARGET = 11.4;
				MTL_ENABLE_DEBUG_INFO = YES;
				ONLY_ACTIVE_ARCH = YES;
				SDKROOT = iphoneos;
				SWIFT_ACTIVE_COMPILATION_CONDITIONS = DEBUG;
				SWIFT_OPTIMIZATION_LEVEL = "-Onone";
			};
			name = Debug;
		};
		A8F8129A20FD23A8001F8D50 /* Release */ = {
			isa = XCBuildConfiguration;
			buildSettings = {
				ALWAYS_SEARCH_USER_PATHS = NO;
				CLANG_ANALYZER_NONNULL = YES;
				CLANG_ANALYZER_NUMBER_OBJECT_CONVERSION = YES_AGGRESSIVE;
				CLANG_CXX_LANGUAGE_STANDARD = "gnu++14";
				CLANG_CXX_LIBRARY = "libc++";
				CLANG_ENABLE_MODULES = YES;
				CLANG_ENABLE_OBJC_ARC = YES;
				CLANG_ENABLE_OBJC_WEAK = YES;
				CLANG_WARN_BLOCK_CAPTURE_AUTORELEASING = YES;
				CLANG_WARN_BOOL_CONVERSION = YES;
				CLANG_WARN_COMMA = YES;
				CLANG_WARN_CONSTANT_CONVERSION = YES;
				CLANG_WARN_DEPRECATED_OBJC_IMPLEMENTATIONS = YES;
				CLANG_WARN_DIRECT_OBJC_ISA_USAGE = YES_ERROR;
				CLANG_WARN_DOCUMENTATION_COMMENTS = YES;
				CLANG_WARN_EMPTY_BODY = YES;
				CLANG_WARN_ENUM_CONVERSION = YES;
				CLANG_WARN_INFINITE_RECURSION = YES;
				CLANG_WARN_INT_CONVERSION = YES;
				CLANG_WARN_NON_LITERAL_NULL_CONVERSION = YES;
				CLANG_WARN_OBJC_IMPLICIT_RETAIN_SELF = YES;
				CLANG_WARN_OBJC_LITERAL_CONVERSION = YES;
				CLANG_WARN_OBJC_ROOT_CLASS = YES_ERROR;
				CLANG_WARN_RANGE_LOOP_ANALYSIS = YES;
				CLANG_WARN_STRICT_PROTOTYPES = YES;
				CLANG_WARN_SUSPICIOUS_MOVE = YES;
				CLANG_WARN_UNGUARDED_AVAILABILITY = YES_AGGRESSIVE;
				CLANG_WARN_UNREACHABLE_CODE = YES;
				CLANG_WARN__DUPLICATE_METHOD_MATCH = YES;
				CODE_SIGN_IDENTITY = "iPhone Developer";
				COPY_PHASE_STRIP = NO;
				DEBUG_INFORMATION_FORMAT = "dwarf-with-dsym";
				ENABLE_NS_ASSERTIONS = NO;
				ENABLE_STRICT_OBJC_MSGSEND = YES;
				GCC_C_LANGUAGE_STANDARD = gnu11;
				GCC_NO_COMMON_BLOCKS = YES;
				GCC_WARN_64_TO_32_BIT_CONVERSION = YES;
				GCC_WARN_ABOUT_RETURN_TYPE = YES_ERROR;
				GCC_WARN_UNDECLARED_SELECTOR = YES;
				GCC_WARN_UNINITIALIZED_AUTOS = YES_AGGRESSIVE;
				GCC_WARN_UNUSED_FUNCTION = YES;
				GCC_WARN_UNUSED_VARIABLE = YES;
				IPHONEOS_DEPLOYMENT_TARGET = 11.4;
				MTL_ENABLE_DEBUG_INFO = NO;
				SDKROOT = iphoneos;
				SWIFT_COMPILATION_MODE = wholemodule;
				SWIFT_OPTIMIZATION_LEVEL = "-O";
				VALIDATE_PRODUCT = YES;
			};
			name = Release;
		};
		A8F8129C20FD23A8001F8D50 /* Debug */ = {
			isa = XCBuildConfiguration;
			baseConfigurationReference = E8775D7C7CE65E4AE91C86A5 /* Pods-FrRunner.debug.xcconfig */;
			buildSettings = {
				ASSETCATALOG_COMPILER_APPICON_NAME = AppIcon;
				CODE_SIGN_STYLE = Automatic;
				DEVELOPMENT_TEAM = WC88QSKZG5;
				INFOPLIST_FILE = FrRunner/Info.plist;
				LD_RUNPATH_SEARCH_PATHS = (
					"$(inherited)",
					"@executable_path/Frameworks",
				);
				PRODUCT_BUNDLE_IDENTIFIER = JFK.FrRunner;
				PRODUCT_NAME = "$(TARGET_NAME)";
				SWIFT_VERSION = 4.2;
				TARGETED_DEVICE_FAMILY = "1,2";
			};
			name = Debug;
		};
		A8F8129D20FD23A8001F8D50 /* Release */ = {
			isa = XCBuildConfiguration;
			baseConfigurationReference = 28F2D07DE3985672BED3BE74 /* Pods-FrRunner.release.xcconfig */;
			buildSettings = {
				ASSETCATALOG_COMPILER_APPICON_NAME = AppIcon;
				CODE_SIGN_STYLE = Automatic;
				DEVELOPMENT_TEAM = WC88QSKZG5;
				INFOPLIST_FILE = FrRunner/Info.plist;
				LD_RUNPATH_SEARCH_PATHS = (
					"$(inherited)",
					"@executable_path/Frameworks",
				);
				PRODUCT_BUNDLE_IDENTIFIER = JFK.FrRunner;
				PRODUCT_NAME = "$(TARGET_NAME)";
				SWIFT_VERSION = 4.2;
				TARGETED_DEVICE_FAMILY = "1,2";
			};
			name = Release;
		};
/* End XCBuildConfiguration section */

/* Begin XCConfigurationList section */
		A8F8128420FD23A7001F8D50 /* Build configuration list for PBXProject "FrRunner" */ = {
			isa = XCConfigurationList;
			buildConfigurations = (
				A8F8129920FD23A8001F8D50 /* Debug */,
				A8F8129A20FD23A8001F8D50 /* Release */,
			);
			defaultConfigurationIsVisible = 0;
			defaultConfigurationName = Release;
		};
		A8F8129B20FD23A8001F8D50 /* Build configuration list for PBXNativeTarget "FrRunner" */ = {
			isa = XCConfigurationList;
			buildConfigurations = (
				A8F8129C20FD23A8001F8D50 /* Debug */,
				A8F8129D20FD23A8001F8D50 /* Release */,
			);
			defaultConfigurationIsVisible = 0;
			defaultConfigurationName = Release;
		};
/* End XCConfigurationList section */

/* Begin XCVersionGroup section */
		A8A6242D20FE8618008B21FD /* FrRunner.xcdatamodeld */ = {
			isa = XCVersionGroup;
			children = (
				A8A6242E20FE8618008B21FD /* DataModel.xcdatamodel */,
			);
			currentVersion = A8A6242E20FE8618008B21FD /* DataModel.xcdatamodel */;
			path = FrRunner.xcdatamodeld;
			sourceTree = "<group>";
			versionGroupType = wrapper.xcdatamodel;
		};
/* End XCVersionGroup section */
	};
	rootObject = A8F8128120FD23A7001F8D50 /* Project object */;
}
